// !$*UTF8*$!
{
	archiveVersion = 1;
	classes = {
	};
	objectVersion = 56;
	objects = {

/* Begin PBXBuildFile section */
		1302ED9C2EBDFE0600B0FECF /* Assets.xcassets in Resources */ = {isa = PBXBuildFile; fileRef = 1302ED7F2EBDFE0600B0FECF /* Assets.xcassets */; };
		1302EDAB2EBDFE0600B0FECF /* AppDelegate.swift in Sources */ = {isa = PBXBuildFile; fileRef = 1302ED7C2EBDFE0600B0FECF /* AppDelegate.swift */; };
		1302EDAD2EBDFE0600B0FECF /* SceneDelegate.swift in Sources */ = {isa = PBXBuildFile; fileRef = 1302ED7D2EBDFE0600B0FECF /* SceneDelegate.swift */; };
		130AA8C02F1654A2005F8E45 /* CBAddScheduleView.swift in Sources */ = {isa = PBXBuildFile; fileRef = 130AA8BF2F1654A2005F8E45 /* CBAddScheduleView.swift */; };
		130AA8C12F1654A2005F8E45 /* CBAddScheduleInteractor.swift in Sources */ = {isa = PBXBuildFile; fileRef = 130AA8BC2F1654A2005F8E45 /* CBAddScheduleInteractor.swift */; };
		130AA8C22F1654A2005F8E45 /* CBAddScheduleContract.swift in Sources */ = {isa = PBXBuildFile; fileRef = 130AA8BB2F1654A2005F8E45 /* CBAddScheduleContract.swift */; };
		130AA8C32F1654A2005F8E45 /* CBAddScheduleRouter.swift in Sources */ = {isa = PBXBuildFile; fileRef = 130AA8BE2F1654A2005F8E45 /* CBAddScheduleRouter.swift */; };
		130AA8C42F1654A2005F8E45 /* CBAddSchedulePresenter.swift in Sources */ = {isa = PBXBuildFile; fileRef = 130AA8BD2F1654A2005F8E45 /* CBAddSchedulePresenter.swift */; };
		130AA8C62F1654B0005F8E45 /* CBMainRouter.swift in Sources */ = {isa = PBXBuildFile; fileRef = 130AA8C52F1654B0005F8E45 /* CBMainRouter.swift */; };
		130AA8CC2F1654BE005F8E45 /* CBScheduleRouter.swift in Sources */ = {isa = PBXBuildFile; fileRef = 130AA8CA2F1654BE005F8E45 /* CBScheduleRouter.swift */; };
		130AA8CD2F1654BE005F8E45 /* CBScheduleView.swift in Sources */ = {isa = PBXBuildFile; fileRef = 130AA8CB2F1654BE005F8E45 /* CBScheduleView.swift */; };
		130AA8CE2F1654BE005F8E45 /* CBScheduleContract.swift in Sources */ = {isa = PBXBuildFile; fileRef = 130AA8C72F1654BE005F8E45 /* CBScheduleContract.swift */; };
		130AA8CF2F1654BE005F8E45 /* CBScheduleInteractor.swift in Sources */ = {isa = PBXBuildFile; fileRef = 130AA8C82F1654BE005F8E45 /* CBScheduleInteractor.swift */; };
		130AA8D02F1654BE005F8E45 /* CBSchedulePresenter.swift in Sources */ = {isa = PBXBuildFile; fileRef = 130AA8C92F1654BE005F8E45 /* CBSchedulePresenter.swift */; };
		130AA8D62F1654D9005F8E45 /* CBSettingsPresenter.swift in Sources */ = {isa = PBXBuildFile; fileRef = 130AA8D32F1654D9005F8E45 /* CBSettingsPresenter.swift */; };
		130AA8D72F1654D9005F8E45 /* CBSettingsView.swift in Sources */ = {isa = PBXBuildFile; fileRef = 130AA8D52F1654D9005F8E45 /* CBSettingsView.swift */; };
		130AA8D82F1654D9005F8E45 /* CBSettingsContract.swift in Sources */ = {isa = PBXBuildFile; fileRef = 130AA8D12F1654D9005F8E45 /* CBSettingsContract.swift */; };
		130AA8D92F1654D9005F8E45 /* CBSettingsInteractor.swift in Sources */ = {isa = PBXBuildFile; fileRef = 130AA8D22F1654D9005F8E45 /* CBSettingsInteractor.swift */; };
		130AA8DA2F1654D9005F8E45 /* CBSettingsRouter.swift in Sources */ = {isa = PBXBuildFile; fileRef = 130AA8D42F1654D9005F8E45 /* CBSettingsRouter.swift */; };
		130AA8E02F1654E8005F8E45 /* CBTabBarModuleView.swift in Sources */ = {isa = PBXBuildFile; fileRef = 130AA8DD2F1654E8005F8E45 /* CBTabBarModuleView.swift */; };
		130AA8E12F1654E8005F8E45 /* CBTabBarRouter.swift in Sources */ = {isa = PBXBuildFile; fileRef = 130AA8DF2F1654E8005F8E45 /* CBTabBarRouter.swift */; };
		130AA8E22F1654E8005F8E45 /* CBTabBarContract.swift in Sources */ = {isa = PBXBuildFile; fileRef = 130AA8DB2F1654E8005F8E45 /* CBTabBarContract.swift */; };
		130AA8E32F1654E8005F8E45 /* CBTabBarInteractor.swift in Sources */ = {isa = PBXBuildFile; fileRef = 130AA8DC2F1654E8005F8E45 /* CBTabBarInteractor.swift */; };
		130AA8E42F1654E8005F8E45 /* CBTabBarPresenter.swift in Sources */ = {isa = PBXBuildFile; fileRef = 130AA8DE2F1654E8005F8E45 /* CBTabBarPresenter.swift */; };
		130AA8EA2F1654F7005F8E45 /* CBTipDetailPresenter.swift in Sources */ = {isa = PBXBuildFile; fileRef = 130AA8E72F1654F7005F8E45 /* CBTipDetailPresenter.swift */; };
		130AA8EB2F1654F7005F8E45 /* CBTipDetailContract.swift in Sources */ = {isa = PBXBuildFile; fileRef = 130AA8E52F1654F7005F8E45 /* CBTipDetailContract.swift */; };
		130AA8EC2F1654F7005F8E45 /* CBTipDetailRouter.swift in Sources */ = {isa = PBXBuildFile; fileRef = 130AA8E82F1654F7005F8E45 /* CBTipDetailRouter.swift */; };
		130AA8ED2F1654F7005F8E45 /* CBTipDetailView.swift in Sources */ = {isa = PBXBuildFile; fileRef = 130AA8E92F1654F7005F8E45 /* CBTipDetailView.swift */; };
		130AA8EE2F1654F7005F8E45 /* CBTipDetailInteractor.swift in Sources */ = {isa = PBXBuildFile; fileRef = 130AA8E62F1654F7005F8E45 /* CBTipDetailInteractor.swift */; };
		130AA8F42F165504005F8E45 /* CBTipsView.swift in Sources */ = {isa = PBXBuildFile; fileRef = 130AA8F32F165504005F8E45 /* CBTipsView.swift */; };
		130AA8F52F165504005F8E45 /* CBTipsRouter.swift in Sources */ = {isa = PBXBuildFile; fileRef = 130AA8F22F165504005F8E45 /* CBTipsRouter.swift */; };
		130AA8F62F165504005F8E45 /* CBTipsPresenter.swift in Sources */ = {isa = PBXBuildFile; fileRef = 130AA8F12F165504005F8E45 /* CBTipsPresenter.swift */; };
		130AA8F72F165504005F8E45 /* CBTipsContract.swift in Sources */ = {isa = PBXBuildFile; fileRef = 130AA8EF2F165504005F8E45 /* CBTipsContract.swift */; };
		130AA8F82F165504005F8E45 /* CBTipsInteractor.swift in Sources */ = {isa = PBXBuildFile; fileRef = 130AA8F02F165504005F8E45 /* CBTipsInteractor.swift */; };
		130AA9032F16551E005F8E45 /* CBTipsLocalizedKeys.swift in Sources */ = {isa = PBXBuildFile; fileRef = 130AA9022F16551E005F8E45 /* CBTipsLocalizedKeys.swift */; };
		130AA9042F16551E005F8E45 /* CBNotificationString.swift in Sources */ = {isa = PBXBuildFile; fileRef = 130AA8FB2F16551E005F8E45 /* CBNotificationString.swift */; };
		130AA9052F16551E005F8E45 /* CBScheduleLocalizedKeys.swift in Sources */ = {isa = PBXBuildFile; fileRef = 130AA8FD2F16551E005F8E45 /* CBScheduleLocalizedKeys.swift */; };
		130AA9062F16551E005F8E45 /* CBTipsConstants.swift in Sources */ = {isa = PBXBuildFile; fileRef = 130AA9012F16551E005F8E45 /* CBTipsConstants.swift */; };
		130AA9072F16551E005F8E45 /* CBTabBarLocalizedKeys.swift in Sources */ = {isa = PBXBuildFile; fileRef = 130AA8FF2F16551E005F8E45 /* CBTabBarLocalizedKeys.swift */; };
		130AA9082F16551E005F8E45 /* CBAddScheduleLocalizedKeys.swift in Sources */ = {isa = PBXBuildFile; fileRef = 130AA8F92F16551E005F8E45 /* CBAddScheduleLocalizedKeys.swift */; };
		130AA9092F16551E005F8E45 /* CBCommonString.swift in Sources */ = {isa = PBXBuildFile; fileRef = 130AA8FA2F16551E005F8E45 /* CBCommonString.swift */; };
		130AA90A2F16551E005F8E45 /* CBSettingsLocalizedKeys.swift in Sources */ = {isa = PBXBuildFile; fileRef = 130AA8FE2F16551E005F8E45 /* CBSettingsLocalizedKeys.swift */; };
		130AA90B2F16551E005F8E45 /* CBScheduleConstants.swift in Sources */ = {isa = PBXBuildFile; fileRef = 130AA8FC2F16551E005F8E45 /* CBScheduleConstants.swift */; };
		130AA90C2F16551E005F8E45 /* CBTipDetailLocalizedKeys.swift in Sources */ = {isa = PBXBuildFile; fileRef = 130AA9002F16551E005F8E45 /* CBTipDetailLocalizedKeys.swift */; };
		130AA90E2F16552C005F8E45 /* CBString+Localization.swift in Sources */ = {isa = PBXBuildFile; fileRef = 130AA90D2F16552C005F8E45 /* CBString+Localization.swift */; };
		1392E8192EC77BA7003B5E03 /* CBTabBarButton.swift in Sources */ = {isa = PBXBuildFile; fileRef = 1392E8172EC77BA7003B5E03 /* CBTabBarButton.swift */; };
		1392E81A2EC77BA7003B5E03 /* CBTabBarView.swift in Sources */ = {isa = PBXBuildFile; fileRef = 1392E8182EC77BA7003B5E03 /* CBTabBarView.swift */; };
		1392E81C2EC77BC2003B5E03 /* CBDataManager.swift in Sources */ = {isa = PBXBuildFile; fileRef = 1392E81B2EC77BC2003B5E03 /* CBDataManager.swift */; };
		1392E81E2EC77C01003B5E03 /* CBNotificationManager.swift in Sources */ = {isa = PBXBuildFile; fileRef = 1392E81D2EC77C01003B5E03 /* CBNotificationManager.swift */; };
		1392E8202EC77C0E003B5E03 /* CBTipsSearchManager.swift in Sources */ = {isa = PBXBuildFile; fileRef = 1392E81F2EC77C0E003B5E03 /* CBTipsSearchManager.swift */; };
		1392E8222EC77C31003B5E03 /* CBScheduleCell.swift in Sources */ = {isa = PBXBuildFile; fileRef = 1392E8212EC77C31003B5E03 /* CBScheduleCell.swift */; };
		1392E8242EC77C37003B5E03 /* CBTipCell.swift in Sources */ = {isa = PBXBuildFile; fileRef = 1392E8232EC77C37003B5E03 /* CBTipCell.swift */; };
		1392E8262EC77C54003B5E03 /* CBPlantTip.swift in Sources */ = {isa = PBXBuildFile; fileRef = 1392E8252EC77C54003B5E03 /* CBPlantTip.swift */; };
		1392E8282EC77C5B003B5E03 /* CBWateringSchedule.swift in Sources */ = {isa = PBXBuildFile; fileRef = 1392E8272EC77C5B003B5E03 /* CBWateringSchedule.swift */; };
		139C53EB2EC7902500172FCA /* Localizable.strings in Resources */ = {isa = PBXBuildFile; fileRef = 139C53E92EC7902500172FCA /* Localizable.strings */; };
/* End PBXBuildFile section */

/* Begin PBXFileReference section */
		1302ED7C2EBDFE0600B0FECF /* AppDelegate.swift */ = {isa = PBXFileReference; lastKnownFileType = sourcecode.swift; path = AppDelegate.swift; sourceTree = "<group>"; };
		1302ED7D2EBDFE0600B0FECF /* SceneDelegate.swift */ = {isa = PBXFileReference; lastKnownFileType = sourcecode.swift; path = SceneDelegate.swift; sourceTree = "<group>"; };
		1302ED7F2EBDFE0600B0FECF /* Assets.xcassets */ = {isa = PBXFileReference; lastKnownFileType = folder.assetcatalog; path = Assets.xcassets; sourceTree = "<group>"; };
		1302ED8B2EBDFE0600B0FECF /* Info.plist */ = {isa = PBXFileReference; lastKnownFileType = text.plist.xml; path = Info.plist; sourceTree = "<group>"; };
		130AA8BB2F1654A2005F8E45 /* CBAddScheduleContract.swift */ = {isa = PBXFileReference; lastKnownFileType = sourcecode.swift; path = CBAddScheduleContract.swift; sourceTree = "<group>"; };
		130AA8BC2F1654A2005F8E45 /* CBAddScheduleInteractor.swift */ = {isa = PBXFileReference; lastKnownFileType = sourcecode.swift; path = CBAddScheduleInteractor.swift; sourceTree = "<group>"; };
		130AA8BD2F1654A2005F8E45 /* CBAddSchedulePresenter.swift */ = {isa = PBXFileReference; lastKnownFileType = sourcecode.swift; path = CBAddSchedulePresenter.swift; sourceTree = "<group>"; };
		130AA8BE2F1654A2005F8E45 /* CBAddScheduleRouter.swift */ = {isa = PBXFileReference; lastKnownFileType = sourcecode.swift; path = CBAddScheduleRouter.swift; sourceTree = "<group>"; };
		130AA8BF2F1654A2005F8E45 /* CBAddScheduleView.swift */ = {isa = PBXFileReference; lastKnownFileType = sourcecode.swift; path = CBAddScheduleView.swift; sourceTree = "<group>"; };
		130AA8C52F1654B0005F8E45 /* CBMainRouter.swift */ = {isa = PBXFileReference; lastKnownFileType = sourcecode.swift; path = CBMainRouter.swift; sourceTree = "<group>"; };
		130AA8C72F1654BE005F8E45 /* CBScheduleContract.swift */ = {isa = PBXFileReference; lastKnownFileType = sourcecode.swift; path = CBScheduleContract.swift; sourceTree = "<group>"; };
		130AA8C82F1654BE005F8E45 /* CBScheduleInteractor.swift */ = {isa = PBXFileReference; lastKnownFileType = sourcecode.swift; path = CBScheduleInteractor.swift; sourceTree = "<group>"; };
		130AA8C92F1654BE005F8E45 /* CBSchedulePresenter.swift */ = {isa = PBXFileReference; lastKnownFileType = sourcecode.swift; path = CBSchedulePresenter.swift; sourceTree = "<group>"; };
		130AA8CA2F1654BE005F8E45 /* CBScheduleRouter.swift */ = {isa = PBXFileReference; lastKnownFileType = sourcecode.swift; path = CBScheduleRouter.swift; sourceTree = "<group>"; };
		130AA8CB2F1654BE005F8E45 /* CBScheduleView.swift */ = {isa = PBXFileReference; lastKnownFileType = sourcecode.swift; path = CBScheduleView.swift; sourceTree = "<group>"; };
		130AA8D12F1654D9005F8E45 /* CBSettingsContract.swift */ = {isa = PBXFileReference; lastKnownFileType = sourcecode.swift; path = CBSettingsContract.swift; sourceTree = "<group>"; };
		130AA8D22F1654D9005F8E45 /* CBSettingsInteractor.swift */ = {isa = PBXFileReference; lastKnownFileType = sourcecode.swift; path = CBSettingsInteractor.swift; sourceTree = "<group>"; };
		130AA8D32F1654D9005F8E45 /* CBSettingsPresenter.swift */ = {isa = PBXFileReference; lastKnownFileType = sourcecode.swift; path = CBSettingsPresenter.swift; sourceTree = "<group>"; };
		130AA8D42F1654D9005F8E45 /* CBSettingsRouter.swift */ = {isa = PBXFileReference; lastKnownFileType = sourcecode.swift; path = CBSettingsRouter.swift; sourceTree = "<group>"; };
		130AA8D52F1654D9005F8E45 /* CBSettingsView.swift */ = {isa = PBXFileReference; lastKnownFileType = sourcecode.swift; path = CBSettingsView.swift; sourceTree = "<group>"; };
		130AA8DB2F1654E8005F8E45 /* CBTabBarContract.swift */ = {isa = PBXFileReference; lastKnownFileType = sourcecode.swift; path = CBTabBarContract.swift; sourceTree = "<group>"; };
		130AA8DC2F1654E8005F8E45 /* CBTabBarInteractor.swift */ = {isa = PBXFileReference; lastKnownFileType = sourcecode.swift; path = CBTabBarInteractor.swift; sourceTree = "<group>"; };
		130AA8DD2F1654E8005F8E45 /* CBTabBarModuleView.swift */ = {isa = PBXFileReference; lastKnownFileType = sourcecode.swift; path = CBTabBarModuleView.swift; sourceTree = "<group>"; };
		130AA8DE2F1654E8005F8E45 /* CBTabBarPresenter.swift */ = {isa = PBXFileReference; lastKnownFileType = sourcecode.swift; path = CBTabBarPresenter.swift; sourceTree = "<group>"; };
		130AA8DF2F1654E8005F8E45 /* CBTabBarRouter.swift */ = {isa = PBXFileReference; lastKnownFileType = sourcecode.swift; path = CBTabBarRouter.swift; sourceTree = "<group>"; };
		130AA8E52F1654F7005F8E45 /* CBTipDetailContract.swift */ = {isa = PBXFileReference; lastKnownFileType = sourcecode.swift; path = CBTipDetailContract.swift; sourceTree = "<group>"; };
		130AA8E62F1654F7005F8E45 /* CBTipDetailInteractor.swift */ = {isa = PBXFileReference; lastKnownFileType = sourcecode.swift; path = CBTipDetailInteractor.swift; sourceTree = "<group>"; };
		130AA8E72F1654F7005F8E45 /* CBTipDetailPresenter.swift */ = {isa = PBXFileReference; lastKnownFileType = sourcecode.swift; path = CBTipDetailPresenter.swift; sourceTree = "<group>"; };
		130AA8E82F1654F7005F8E45 /* CBTipDetailRouter.swift */ = {isa = PBXFileReference; lastKnownFileType = sourcecode.swift; path = CBTipDetailRouter.swift; sourceTree = "<group>"; };
		130AA8E92F1654F7005F8E45 /* CBTipDetailView.swift */ = {isa = PBXFileReference; lastKnownFileType = sourcecode.swift; path = CBTipDetailView.swift; sourceTree = "<group>"; };
		130AA8EF2F165504005F8E45 /* CBTipsContract.swift */ = {isa = PBXFileReference; lastKnownFileType = sourcecode.swift; path = CBTipsContract.swift; sourceTree = "<group>"; };
		130AA8F02F165504005F8E45 /* CBTipsInteractor.swift */ = {isa = PBXFileReference; lastKnownFileType = sourcecode.swift; path = CBTipsInteractor.swift; sourceTree = "<group>"; };
		130AA8F12F165504005F8E45 /* CBTipsPresenter.swift */ = {isa = PBXFileReference; lastKnownFileType = sourcecode.swift; path = CBTipsPresenter.swift; sourceTree = "<group>"; };
		130AA8F22F165504005F8E45 /* CBTipsRouter.swift */ = {isa = PBXFileReference; lastKnownFileType = sourcecode.swift; path = CBTipsRouter.swift; sourceTree = "<group>"; };
		130AA8F32F165504005F8E45 /* CBTipsView.swift */ = {isa = PBXFileReference; lastKnownFileType = sourcecode.swift; path = CBTipsView.swift; sourceTree = "<group>"; };
		130AA8F92F16551E005F8E45 /* CBAddScheduleLocalizedKeys.swift */ = {isa = PBXFileReference; lastKnownFileType = sourcecode.swift; path = CBAddScheduleLocalizedKeys.swift; sourceTree = "<group>"; };
		130AA8FA2F16551E005F8E45 /* CBCommonString.swift */ = {isa = PBXFileReference; lastKnownFileType = sourcecode.swift; path = CBCommonString.swift; sourceTree = "<group>"; };
		130AA8FB2F16551E005F8E45 /* CBNotificationString.swift */ = {isa = PBXFileReference; lastKnownFileType = sourcecode.swift; path = CBNotificationString.swift; sourceTree = "<group>"; };
		130AA8FC2F16551E005F8E45 /* CBScheduleConstants.swift */ = {isa = PBXFileReference; lastKnownFileType = sourcecode.swift; path = CBScheduleConstants.swift; sourceTree = "<group>"; };
		130AA8FD2F16551E005F8E45 /* CBScheduleLocalizedKeys.swift */ = {isa = PBXFileReference; lastKnownFileType = sourcecode.swift; path = CBScheduleLocalizedKeys.swift; sourceTree = "<group>"; };
		130AA8FE2F16551E005F8E45 /* CBSettingsLocalizedKeys.swift */ = {isa = PBXFileReference; lastKnownFileType = sourcecode.swift; path = CBSettingsLocalizedKeys.swift; sourceTree = "<group>"; };
		130AA8FF2F16551E005F8E45 /* CBTabBarLocalizedKeys.swift */ = {isa = PBXFileReference; lastKnownFileType = sourcecode.swift; path = CBTabBarLocalizedKeys.swift; sourceTree = "<group>"; };
		130AA9002F16551E005F8E45 /* CBTipDetailLocalizedKeys.swift */ = {isa = PBXFileReference; lastKnownFileType = sourcecode.swift; path = CBTipDetailLocalizedKeys.swift; sourceTree = "<group>"; };
		130AA9012F16551E005F8E45 /* CBTipsConstants.swift */ = {isa = PBXFileReference; lastKnownFileType = sourcecode.swift; path = CBTipsConstants.swift; sourceTree = "<group>"; };
		130AA9022F16551E005F8E45 /* CBTipsLocalizedKeys.swift */ = {isa = PBXFileReference; lastKnownFileType = sourcecode.swift; path = CBTipsLocalizedKeys.swift; sourceTree = "<group>"; };
		130AA90D2F16552C005F8E45 /* CBString+Localization.swift */ = {isa = PBXFileReference; lastKnownFileType = sourcecode.swift; path = "CBString+Localization.swift"; sourceTree = "<group>"; };
		1392E8172EC77BA7003B5E03 /* CBTabBarButton.swift */ = {isa = PBXFileReference; lastKnownFileType = sourcecode.swift; path = CBTabBarButton.swift; sourceTree = "<group>"; };
		1392E8182EC77BA7003B5E03 /* CBTabBarView.swift */ = {isa = PBXFileReference; lastKnownFileType = sourcecode.swift; path = CBTabBarView.swift; sourceTree = "<group>"; };
		1392E81B2EC77BC2003B5E03 /* CBDataManager.swift */ = {isa = PBXFileReference; lastKnownFileType = sourcecode.swift; path = CBDataManager.swift; sourceTree = "<group>"; };
		1392E81D2EC77C01003B5E03 /* CBNotificationManager.swift */ = {isa = PBXFileReference; lastKnownFileType = sourcecode.swift; path = CBNotificationManager.swift; sourceTree = "<group>"; };
		1392E81F2EC77C0E003B5E03 /* CBTipsSearchManager.swift */ = {isa = PBXFileReference; lastKnownFileType = sourcecode.swift; path = CBTipsSearchManager.swift; sourceTree = "<group>"; };
		1392E8212EC77C31003B5E03 /* CBScheduleCell.swift */ = {isa = PBXFileReference; lastKnownFileType = sourcecode.swift; path = CBScheduleCell.swift; sourceTree = "<group>"; };
		1392E8232EC77C37003B5E03 /* CBTipCell.swift */ = {isa = PBXFileReference; lastKnownFileType = sourcecode.swift; path = CBTipCell.swift; sourceTree = "<group>"; };
		1392E8252EC77C54003B5E03 /* CBPlantTip.swift */ = {isa = PBXFileReference; lastKnownFileType = sourcecode.swift; path = CBPlantTip.swift; sourceTree = "<group>"; };
		1392E8272EC77C5B003B5E03 /* CBWateringSchedule.swift */ = {isa = PBXFileReference; lastKnownFileType = sourcecode.swift; path = CBWateringSchedule.swift; sourceTree = "<group>"; };
		139C53E72EC7902500172FCA /* en */ = {isa = PBXFileReference; lastKnownFileType = text.plist.strings; name = en; path = en.lproj/Localizable.strings; sourceTree = "<group>"; };
		139C53E82EC7902500172FCA /* id */ = {isa = PBXFileReference; lastKnownFileType = text.plist.strings; name = id; path = id.lproj/Localizable.strings; sourceTree = "<group>"; };
		CC0000000000000000000001 /* CabeCare.app */ = {isa = PBXFileReference; explicitFileType = wrapper.application; includeInIndex = 0; path = CabeCare.app; sourceTree = BUILT_PRODUCTS_DIR; };
/* End PBXFileReference section */

/* Begin PBXFrameworksBuildPhase section */
		DD0000000000000000000001 /* Frameworks */ = {
			isa = PBXFrameworksBuildPhase;
			buildActionMask = 2147483647;
			files = (
			);
			runOnlyForDeploymentPostprocessing = 0;
		};
/* End PBXFrameworksBuildPhase section */

/* Begin PBXGroup section */
		1302ED7E2EBDFE0600B0FECF /* App */ = {
			isa = PBXGroup;
			children = (
				1302ED7C2EBDFE0600B0FECF /* AppDelegate.swift */,
				1302ED7D2EBDFE0600B0FECF /* SceneDelegate.swift */,
			);
			path = App;
			sourceTree = "<group>";
		};
		1302ED832EBDFE0600B0FECF /* Managers */ = {
			isa = PBXGroup;
			children = (
				1392E81B2EC77BC2003B5E03 /* CBDataManager.swift */,
				1392E81D2EC77C01003B5E03 /* CBNotificationManager.swift */,
				1392E81F2EC77C0E003B5E03 /* CBTipsSearchManager.swift */,
			);
			path = Managers;
			sourceTree = "<group>";
		};
		1302ED862EBDFE0600B0FECF /* Views */ = {
			isa = PBXGroup;
			children = (
				1392E8212EC77C31003B5E03 /* CBScheduleCell.swift */,
				1392E8172EC77BA7003B5E03 /* CBTabBarButton.swift */,
				1392E8182EC77BA7003B5E03 /* CBTabBarView.swift */,
				1392E8232EC77C37003B5E03 /* CBTipCell.swift */,
			);
			path = Views;
			sourceTree = "<group>";
		};
		1302ED872EBDFE0600B0FECF /* Common */ = {
			isa = PBXGroup;
			children = (
				1392E82E2EC78855003B5E03 /* Constants */,
				1392E82A2EC7884E003B5E03 /* Extensions */,
				1302ED832EBDFE0600B0FECF /* Managers */,
				1302ED862EBDFE0600B0FECF /* Views */,
			);
			path = Common;
			sourceTree = "<group>";
		};
		1302ED8A2EBDFE0600B0FECF /* Entities */ = {
			isa = PBXGroup;
			children = (
				1392E8252EC77C54003B5E03 /* CBPlantTip.swift */,
				1392E8272EC77C5B003B5E03 /* CBWateringSchedule.swift */,
			);
			path = Entities;
			sourceTree = "<group>";
		};
		1302ED8E2EBDFE0600B0FECF /* AddSchedule */ = {
			isa = PBXGroup;
			children = (
				130AA8BB2F1654A2005F8E45 /* CBAddScheduleContract.swift */,
				130AA8BC2F1654A2005F8E45 /* CBAddScheduleInteractor.swift */,
				130AA8BD2F1654A2005F8E45 /* CBAddSchedulePresenter.swift */,
				130AA8BE2F1654A2005F8E45 /* CBAddScheduleRouter.swift */,
				130AA8BF2F1654A2005F8E45 /* CBAddScheduleView.swift */,
			);
			path = AddSchedule;
			sourceTree = "<group>";
		};
		1302ED902EBDFE0600B0FECF /* Main */ = {
			isa = PBXGroup;
			children = (
				130AA8C52F1654B0005F8E45 /* CBMainRouter.swift */,
			);
			path = Main;
			sourceTree = "<group>";
		};
		1302ED962EBDFE0600B0FECF /* Schedule */ = {
			isa = PBXGroup;
			children = (
				130AA8C72F1654BE005F8E45 /* CBScheduleContract.swift */,
				130AA8C82F1654BE005F8E45 /* CBScheduleInteractor.swift */,
				130AA8C92F1654BE005F8E45 /* CBSchedulePresenter.swift */,
				130AA8CA2F1654BE005F8E45 /* CBScheduleRouter.swift */,
				130AA8CB2F1654BE005F8E45 /* CBScheduleView.swift */,
			);
			path = Schedule;
			sourceTree = "<group>";
		};
		1302ED982EBDFE0600B0FECF /* TipDetail */ = {
			isa = PBXGroup;
			children = (
				130AA8E52F1654F7005F8E45 /* CBTipDetailContract.swift */,
				130AA8E62F1654F7005F8E45 /* CBTipDetailInteractor.swift */,
				130AA8E72F1654F7005F8E45 /* CBTipDetailPresenter.swift */,
				130AA8E82F1654F7005F8E45 /* CBTipDetailRouter.swift */,
				130AA8E92F1654F7005F8E45 /* CBTipDetailView.swift */,
			);
			path = TipDetail;
			sourceTree = "<group>";
		};
		1302ED9A2EBDFE0600B0FECF /* Tips */ = {
			isa = PBXGroup;
			children = (
				130AA8EF2F165504005F8E45 /* CBTipsContract.swift */,
				130AA8F02F165504005F8E45 /* CBTipsInteractor.swift */,
				130AA8F12F165504005F8E45 /* CBTipsPresenter.swift */,
				130AA8F22F165504005F8E45 /* CBTipsRouter.swift */,
				130AA8F32F165504005F8E45 /* CBTipsView.swift */,
			);
			path = Tips;
			sourceTree = "<group>";
		};
		1302ED9B2EBDFE0600B0FECF /* Modules */ = {
			isa = PBXGroup;
			children = (
				1302ED8E2EBDFE0600B0FECF /* AddSchedule */,
				1302ED902EBDFE0600B0FECF /* Main */,
				1302ED962EBDFE0600B0FECF /* Schedule */,
				136224E02ED2FBDD00C2A747 /* Settings */,
				1344795A2EC736C8008B16CC /* TabBar */,
				1302ED982EBDFE0600B0FECF /* TipDetail */,
				1302ED9A2EBDFE0600B0FECF /* Tips */,
			);
			path = Modules;
			sourceTree = "<group>";
		};
		1344795A2EC736C8008B16CC /* TabBar */ = {
			isa = PBXGroup;
			children = (
				130AA8DB2F1654E8005F8E45 /* CBTabBarContract.swift */,
				130AA8DC2F1654E8005F8E45 /* CBTabBarInteractor.swift */,
				130AA8DD2F1654E8005F8E45 /* CBTabBarModuleView.swift */,
				130AA8DE2F1654E8005F8E45 /* CBTabBarPresenter.swift */,
				130AA8DF2F1654E8005F8E45 /* CBTabBarRouter.swift */,
			);
			path = TabBar;
			sourceTree = "<group>";
		};
		136224E02ED2FBDD00C2A747 /* Settings */ = {
			isa = PBXGroup;
			children = (
				130AA8D12F1654D9005F8E45 /* CBSettingsContract.swift */,
				130AA8D22F1654D9005F8E45 /* CBSettingsInteractor.swift */,
				130AA8D32F1654D9005F8E45 /* CBSettingsPresenter.swift */,
				130AA8D42F1654D9005F8E45 /* CBSettingsRouter.swift */,
				130AA8D52F1654D9005F8E45 /* CBSettingsView.swift */,
			);
			path = Settings;
			sourceTree = "<group>";
		};
		1392E82A2EC7884E003B5E03 /* Extensions */ = {
			isa = PBXGroup;
			children = (
				130AA90D2F16552C005F8E45 /* CBString+Localization.swift */,
			);
			path = Extensions;
			sourceTree = "<group>";
		};
		1392E82E2EC78855003B5E03 /* Constants */ = {
			isa = PBXGroup;
			children = (
				130AA8F92F16551E005F8E45 /* CBAddScheduleLocalizedKeys.swift */,
				130AA8FA2F16551E005F8E45 /* CBCommonString.swift */,
				130AA8FB2F16551E005F8E45 /* CBNotificationString.swift */,
				130AA8FC2F16551E005F8E45 /* CBScheduleConstants.swift */,
				130AA8FD2F16551E005F8E45 /* CBScheduleLocalizedKeys.swift */,
				130AA8FE2F16551E005F8E45 /* CBSettingsLocalizedKeys.swift */,
				130AA8FF2F16551E005F8E45 /* CBTabBarLocalizedKeys.swift */,
				130AA9002F16551E005F8E45 /* CBTipDetailLocalizedKeys.swift */,
				130AA9012F16551E005F8E45 /* CBTipsConstants.swift */,
				130AA9022F16551E005F8E45 /* CBTipsLocalizedKeys.swift */,
			);
			path = Constants;
			sourceTree = "<group>";
		};
		139C53EA2EC7902500172FCA /* Resources */ = {
			isa = PBXGroup;
			children = (
				139C53E92EC7902500172FCA /* Localizable.strings */,
			);
			path = Resources;
			sourceTree = "<group>";
		};
		EE0000000000000000000001 = {
			isa = PBXGroup;
			children = (
				EE0000000000000000000002 /* CabeCare */,
				EE0000000000000000000003 /* Products */,
			);
			sourceTree = "<group>";
		};
		EE0000000000000000000002 /* CabeCare */ = {
			isa = PBXGroup;
			children = (
				1302ED8B2EBDFE0600B0FECF /* Info.plist */,
				1302ED7F2EBDFE0600B0FECF /* Assets.xcassets */,
				1302ED7E2EBDFE0600B0FECF /* App */,
				1302ED872EBDFE0600B0FECF /* Common */,
				1302ED8A2EBDFE0600B0FECF /* Entities */,
				1302ED9B2EBDFE0600B0FECF /* Modules */,
				139C53EA2EC7902500172FCA /* Resources */,
			);
			path = CabeCare;
			sourceTree = "<group>";
		};
		EE0000000000000000000003 /* Products */ = {
			isa = PBXGroup;
			children = (
				CC0000000000000000000001 /* CabeCare.app */,
			);
			name = Products;
			sourceTree = "<group>";
		};
/* End PBXGroup section */

/* Begin PBXNativeTarget section */
		FF0000000000000000000001 /* CabeCare */ = {
			isa = PBXNativeTarget;
			buildConfigurationList = FF0000000000000000000002 /* Build configuration list for PBXNativeTarget "CabeCare" */;
			buildPhases = (
				DD0000000000000000000002 /* Sources */,
				DD0000000000000000000001 /* Frameworks */,
				DD0000000000000000000003 /* Resources */,
			);
			buildRules = (
			);
			dependencies = (
			);
			name = CabeCare;
			productName = CabeCare;
			productReference = CC0000000000000000000001 /* CabeCare.app */;
			productType = "com.apple.product-type.application";
		};
/* End PBXNativeTarget section */

/* Begin PBXProject section */
		FF0000000000000000000003 /* Project object */ = {
			isa = PBXProject;
			attributes = {
				BuildIndependentTargetsInParallel = 1;
				LastSwiftUpdateCheck = 1500;
				LastUpgradeCheck = 1500;
				TargetAttributes = {
					FF0000000000000000000001 = {
						CreatedOnToolsVersion = 15.0;
						LastSwiftMigration = 1500;
						ProvisioningStyle = Automatic;
					};
				};
			};
			buildConfigurationList = FF0000000000000000000004 /* Build configuration list for PBXProject "CabeCare" */;
			compatibilityVersion = "Xcode 14.0";
			developmentRegion = en;
			hasScannedForEncodings = 0;
			knownRegions = (
				en,
				Base,
				id,
			);
			mainGroup = EE0000000000000000000001;
			productRefGroup = EE0000000000000000000003 /* Products */;
			projectDirPath = "";
			projectRoot = "";
			targets = (
				FF0000000000000000000001 /* CabeCare */,
			);
		};
/* End PBXProject section */

/* Begin PBXResourcesBuildPhase section */
		DD0000000000000000000003 /* Resources */ = {
			isa = PBXResourcesBuildPhase;
			buildActionMask = 2147483647;
			files = (
				1302ED9C2EBDFE0600B0FECF /* Assets.xcassets in Resources */,
				139C53EB2EC7902500172FCA /* Localizable.strings in Resources */,
			);
			runOnlyForDeploymentPostprocessing = 0;
		};
/* End PBXResourcesBuildPhase section */

/* Begin PBXSourcesBuildPhase section */
		DD0000000000000000000002 /* Sources */ = {
			isa = PBXSourcesBuildPhase;
			buildActionMask = 2147483647;
			files = (
				1392E8202EC77C0E003B5E03 /* CBTipsSearchManager.swift in Sources */,
				130AA8F42F165504005F8E45 /* CBTipsView.swift in Sources */,
				130AA8F52F165504005F8E45 /* CBTipsRouter.swift in Sources */,
				130AA8F62F165504005F8E45 /* CBTipsPresenter.swift in Sources */,
				130AA8F72F165504005F8E45 /* CBTipsContract.swift in Sources */,
				130AA8F82F165504005F8E45 /* CBTipsInteractor.swift in Sources */,
				130AA90E2F16552C005F8E45 /* CBString+Localization.swift in Sources */,
				1392E81C2EC77BC2003B5E03 /* CBDataManager.swift in Sources */,
				130AA8EA2F1654F7005F8E45 /* CBTipDetailPresenter.swift in Sources */,
				130AA8EB2F1654F7005F8E45 /* CBTipDetailContract.swift in Sources */,
				130AA8EC2F1654F7005F8E45 /* CBTipDetailRouter.swift in Sources */,
				130AA8ED2F1654F7005F8E45 /* CBTipDetailView.swift in Sources */,
				130AA9032F16551E005F8E45 /* CBTipsLocalizedKeys.swift in Sources */,
				130AA9042F16551E005F8E45 /* CBNotificationString.swift in Sources */,
				130AA9052F16551E005F8E45 /* CBScheduleLocalizedKeys.swift in Sources */,
				130AA9062F16551E005F8E45 /* CBTipsConstants.swift in Sources */,
				130AA9072F16551E005F8E45 /* CBTabBarLocalizedKeys.swift in Sources */,
				130AA9082F16551E005F8E45 /* CBAddScheduleLocalizedKeys.swift in Sources */,
				130AA9092F16551E005F8E45 /* CBCommonString.swift in Sources */,
				130AA90A2F16551E005F8E45 /* CBSettingsLocalizedKeys.swift in Sources */,
				130AA90B2F16551E005F8E45 /* CBScheduleConstants.swift in Sources */,
				130AA90C2F16551E005F8E45 /* CBTipDetailLocalizedKeys.swift in Sources */,
				130AA8EE2F1654F7005F8E45 /* CBTipDetailInteractor.swift in Sources */,
				1392E81E2EC77C01003B5E03 /* CBNotificationManager.swift in Sources */,
				130AA8CC2F1654BE005F8E45 /* CBScheduleRouter.swift in Sources */,
				130AA8E02F1654E8005F8E45 /* CBTabBarModuleView.swift in Sources */,
				130AA8E12F1654E8005F8E45 /* CBTabBarRouter.swift in Sources */,
				130AA8E22F1654E8005F8E45 /* CBTabBarContract.swift in Sources */,
				130AA8E32F1654E8005F8E45 /* CBTabBarInteractor.swift in Sources */,
				130AA8E42F1654E8005F8E45 /* CBTabBarPresenter.swift in Sources */,
				130AA8CD2F1654BE005F8E45 /* CBScheduleView.swift in Sources */,
				130AA8CE2F1654BE005F8E45 /* CBScheduleContract.swift in Sources */,
				130AA8CF2F1654BE005F8E45 /* CBScheduleInteractor.swift in Sources */,
				130AA8D02F1654BE005F8E45 /* CBSchedulePresenter.swift in Sources */,
				1392E8192EC77BA7003B5E03 /* CBTabBarButton.swift in Sources */,
				1392E81A2EC77BA7003B5E03 /* CBTabBarView.swift in Sources */,
				130AA8D62F1654D9005F8E45 /* CBSettingsPresenter.swift in Sources */,
				130AA8D72F1654D9005F8E45 /* CBSettingsView.swift in Sources */,
				130AA8D82F1654D9005F8E45 /* CBSettingsContract.swift in Sources */,
				130AA8D92F1654D9005F8E45 /* CBSettingsInteractor.swift in Sources */,
				130AA8DA2F1654D9005F8E45 /* CBSettingsRouter.swift in Sources */,
				130AA8C02F1654A2005F8E45 /* CBAddScheduleView.swift in Sources */,
				130AA8C12F1654A2005F8E45 /* CBAddScheduleInteractor.swift in Sources */,
				130AA8C22F1654A2005F8E45 /* CBAddScheduleContract.swift in Sources */,
				130AA8C32F1654A2005F8E45 /* CBAddScheduleRouter.swift in Sources */,
				130AA8C42F1654A2005F8E45 /* CBAddSchedulePresenter.swift in Sources */,
				1302EDAB2EBDFE0600B0FECF /* AppDelegate.swift in Sources */,
				1302EDAD2EBDFE0600B0FECF /* SceneDelegate.swift in Sources */,
				1392E8242EC77C37003B5E03 /* CBTipCell.swift in Sources */,
				1392E8222EC77C31003B5E03 /* CBScheduleCell.swift in Sources */,
				130AA8C62F1654B0005F8E45 /* CBMainRouter.swift in Sources */,
				1392E8282EC77C5B003B5E03 /* CBWateringSchedule.swift in Sources */,
				1392E8262EC77C54003B5E03 /* CBPlantTip.swift in Sources */,
			);
			runOnlyForDeploymentPostprocessing = 0;
		};
/* End PBXSourcesBuildPhase section */

/* Begin PBXVariantGroup section */
		139C53E92EC7902500172FCA /* Localizable.strings */ = {
			isa = PBXVariantGroup;
			children = (
				139C53E72EC7902500172FCA /* en */,
				139C53E82EC7902500172FCA /* id */,
			);
			name = Localizable.strings;
			sourceTree = "<group>";
		};
/* End PBXVariantGroup section */

/* Begin XCBuildConfiguration section */
		GG0000000000000000000001 /* Debug */ = {
			isa = XCBuildConfiguration;
			buildSettings = {
				ALWAYS_SEARCH_USER_PATHS = NO;
				ASSETCATALOG_COMPILER_GENERATE_SWIFT_ASSET_SYMBOL_EXTENSIONS = YES;
				CLANG_ANALYZER_NONNULL = YES;
				CLANG_ANALYZER_NUMBER_OBJECT_CONVERSION = YES_AGGRESSIVE;
				CLANG_CXX_LANGUAGE_STANDARD = "gnu++20";
				CLANG_ENABLE_MODULES = YES;
				CLANG_ENABLE_OBJC_ARC = YES;
				CLANG_ENABLE_OBJC_WEAK = YES;
				CLANG_WARN_BLOCK_CAPTURE_AUTORELEASING = YES;
				CLANG_WARN_BOOL_CONVERSION = YES;
				CLANG_WARN_COMMA = YES;
				CLANG_WARN_CONSTANT_CONVERSION = YES;
				CLANG_WARN_DEPRECATED_OBJC_IMPLEMENTATIONS = YES;
				CLANG_WARN_DIRECT_OBJC_ISA_USAGE = YES_ERROR;
				CLANG_WARN_DOCUMENTATION_COMMENTS = YES;
				CLANG_WARN_EMPTY_BODY = YES;
				CLANG_WARN_ENUM_CONVERSION = YES;
				CLANG_WARN_INFINITE_RECURSION = YES;
				CLANG_WARN_INT_CONVERSION = YES;
				CLANG_WARN_NON_LITERAL_NULL_CONVERSION = YES;
				CLANG_WARN_OBJC_IMPLICIT_RETAIN_SELF = YES;
				CLANG_WARN_OBJC_LITERAL_CONVERSION = YES;
				CLANG_WARN_OBJC_ROOT_CLASS = YES_ERROR;
				CLANG_WARN_QUOTED_INCLUDE_IN_FRAMEWORK_HEADER = YES;
				CLANG_WARN_RANGE_LOOP_ANALYSIS = YES;
				CLANG_WARN_STRICT_PROTOTYPES = YES;
				CLANG_WARN_SUSPICIOUS_MOVE = YES;
				CLANG_WARN_UNGUARDED_AVAILABILITY = YES_AGGRESSIVE;
				CLANG_WARN_UNREACHABLE_CODE = YES;
				CLANG_WARN__DUPLICATE_METHOD_MATCH = YES;
				COPY_PHASE_STRIP = NO;
				DEBUG_INFORMATION_FORMAT = dwarf;
				ENABLE_STRICT_OBJC_MSGSEND = YES;
				ENABLE_TESTABILITY = YES;
				ENABLE_USER_SCRIPT_SANDBOXING = YES;
				GCC_C_LANGUAGE_STANDARD = gnu17;
				GCC_DYNAMIC_NO_PIC = NO;
				GCC_NO_COMMON_BLOCKS = YES;
				GCC_OPTIMIZATION_LEVEL = 0;
				GCC_PREPROCESSOR_DEFINITIONS = (
					"DEBUG=1",
					"$(inherited)",
				);
				GCC_WARN_64_TO_32_BIT_CONVERSION = YES;
				GCC_WARN_ABOUT_RETURN_TYPE = YES_ERROR;
				GCC_WARN_UNDECLARED_SELECTOR = YES;
				GCC_WARN_UNINITIALIZED_AUTOS = YES_AGGRESSIVE;
				GCC_WARN_UNUSED_FUNCTION = YES;
				GCC_WARN_UNUSED_VARIABLE = YES;
				IPHONEOS_DEPLOYMENT_TARGET = 15.0;
				LOCALIZATION_PREFERS_STRING_CATALOGS = YES;
				MTL_ENABLE_DEBUG_INFO = INCLUDE_SOURCE;
				MTL_FAST_MATH = YES;
				ONLY_ACTIVE_ARCH = YES;
				SDKROOT = iphoneos;
				SUPPORTED_PLATFORMS = "iphoneos iphonesimulator";
				SUPPORTS_MACCATALYST = NO;
				SWIFT_ACTIVE_COMPILATION_CONDITIONS = "DEBUG $(inherited)";
				SWIFT_OPTIMIZATION_LEVEL = "-Onone";
			};
			name = Debug;
		};
		GG0000000000000000000002 /* Release */ = {
			isa = XCBuildConfiguration;
			buildSettings = {
				ALWAYS_SEARCH_USER_PATHS = NO;
				ASSETCATALOG_COMPILER_GENERATE_SWIFT_ASSET_SYMBOL_EXTENSIONS = YES;
				CLANG_ANALYZER_NONNULL = YES;
				CLANG_ANALYZER_NUMBER_OBJECT_CONVERSION = YES_AGGRESSIVE;
				CLANG_CXX_LANGUAGE_STANDARD = "gnu++20";
				CLANG_ENABLE_MODULES = YES;
				CLANG_ENABLE_OBJC_ARC = YES;
				CLANG_ENABLE_OBJC_WEAK = YES;
				CLANG_WARN_BLOCK_CAPTURE_AUTORELEASING = YES;
				CLANG_WARN_BOOL_CONVERSION = YES;
				CLANG_WARN_COMMA = YES;
				CLANG_WARN_CONSTANT_CONVERSION = YES;
				CLANG_WARN_DEPRECATED_OBJC_IMPLEMENTATIONS = YES;
				CLANG_WARN_DIRECT_OBJC_ISA_USAGE = YES_ERROR;
				CLANG_WARN_DOCUMENTATION_COMMENTS = YES;
				CLANG_WARN_EMPTY_BODY = YES;
				CLANG_WARN_ENUM_CONVERSION = YES;
				CLANG_WARN_INFINITE_RECURSION = YES;
				CLANG_WARN_INT_CONVERSION = YES;
				CLANG_WARN_NON_LITERAL_NULL_CONVERSION = YES;
				CLANG_WARN_OBJC_IMPLICIT_RETAIN_SELF = YES;
				CLANG_WARN_OBJC_LITERAL_CONVERSION = YES;
				CLANG_WARN_OBJC_ROOT_CLASS = YES_ERROR;
				CLANG_WARN_QUOTED_INCLUDE_IN_FRAMEWORK_HEADER = YES;
				CLANG_WARN_RANGE_LOOP_ANALYSIS = YES;
				CLANG_WARN_STRICT_PROTOTYPES = YES;
				CLANG_WARN_SUSPICIOUS_MOVE = YES;
				CLANG_WARN_UNGUARDED_AVAILABILITY = YES_AGGRESSIVE;
				CLANG_WARN_UNREACHABLE_CODE = YES;
				CLANG_WARN__DUPLICATE_METHOD_MATCH = YES;
				COPY_PHASE_STRIP = NO;
				DEBUG_INFORMATION_FORMAT = "dwarf-with-dsym";
				ENABLE_NS_ASSERTIONS = NO;
				ENABLE_STRICT_OBJC_MSGSEND = YES;
				ENABLE_USER_SCRIPT_SANDBOXING = YES;
				GCC_C_LANGUAGE_STANDARD = gnu17;
				GCC_NO_COMMON_BLOCKS = YES;
				GCC_WARN_64_TO_32_BIT_CONVERSION = YES;
				GCC_WARN_ABOUT_RETURN_TYPE = YES_ERROR;
				GCC_WARN_UNDECLARED_SELECTOR = YES;
				GCC_WARN_UNINITIALIZED_AUTOS = YES_AGGRESSIVE;
				GCC_WARN_UNUSED_FUNCTION = YES;
				GCC_WARN_UNUSED_VARIABLE = YES;
				IPHONEOS_DEPLOYMENT_TARGET = 15.0;
				LOCALIZATION_PREFERS_STRING_CATALOGS = YES;
				MTL_ENABLE_DEBUG_INFO = NO;
				MTL_FAST_MATH = YES;
				SDKROOT = iphoneos;
				SUPPORTED_PLATFORMS = "iphoneos iphonesimulator";
				SUPPORTS_MACCATALYST = NO;
				SWIFT_COMPILATION_MODE = wholemodule;
				VALIDATE_PRODUCT = YES;
			};
			name = Release;
		};
		GG0000000000000000000003 /* Debug */ = {
			isa = XCBuildConfiguration;
			buildSettings = {
				ASSETCATALOG_COMPILER_APPICON_NAME = AppIcon;
				ASSETCATALOG_COMPILER_GLOBAL_ACCENT_COLOR_NAME = AccentColor;
				CODE_SIGN_STYLE = Automatic;
				CURRENT_PROJECT_VERSION = 1;
				DEVELOPMENT_TEAM = "";
				GENERATE_INFOPLIST_FILE = NO;
				INFOPLIST_FILE = CabeCare/Info.plist;
				INFOPLIST_KEY_UIApplicationSupportsIndirectInputEvents = YES;
				INFOPLIST_KEY_UILaunchScreen_Generation = YES;
				INFOPLIST_KEY_UISupportedInterfaceOrientations = "UIInterfaceOrientationPortrait UIInterfaceOrientationLandscapeLeft UIInterfaceOrientationLandscapeRight";
				INFOPLIST_KEY_UISupportedInterfaceOrientations_iPad = "UIInterfaceOrientationPortrait UIInterfaceOrientationPortraitUpsideDown UIInterfaceOrientationLandscapeLeft UIInterfaceOrientationLandscapeRight";
				IPHONEOS_DEPLOYMENT_TARGET = 15.0;
				LD_RUNPATH_SEARCH_PATHS = (
					"$(inherited)",
					"@executable_path/Frameworks",
				);
				MARKETING_VERSION = 1.0;
				PRODUCT_BUNDLE_IDENTIFIER = com.cabecare.app;
				PRODUCT_NAME = "$(TARGET_NAME)";
				SUPPORTED_PLATFORMS = "iphoneos iphonesimulator";
				SUPPORTS_MACCATALYST = NO;
				SUPPORTS_MAC_DESIGNED_FOR_IPHONE_IPAD = NO;
				SWIFT_EMIT_LOC_STRINGS = YES;
				SWIFT_VERSION = 5.0;
				TARGETED_DEVICE_FAMILY = "1,2";
			};
			name = Debug;
		};
		GG0000000000000000000004 /* Release */ = {
			isa = XCBuildConfiguration;
			buildSettings = {
				ASSETCATALOG_COMPILER_APPICON_NAME = AppIcon;
				ASSETCATALOG_COMPILER_GLOBAL_ACCENT_COLOR_NAME = AccentColor;
				CODE_SIGN_STYLE = Automatic;
				CURRENT_PROJECT_VERSION = 1;
				DEVELOPMENT_TEAM = "";
				GENERATE_INFOPLIST_FILE = NO;
				INFOPLIST_FILE = CabeCare/Info.plist;
				INFOPLIST_KEY_UIApplicationSupportsIndirectInputEvents = YES;
				INFOPLIST_KEY_UILaunchScreen_Generation = YES;
				INFOPLIST_KEY_UISupportedInterfaceOrientations = "UIInterfaceOrientationPortrait UIInterfaceOrientationLandscapeLeft UIInterfaceOrientationLandscapeRight";
				INFOPLIST_KEY_UISupportedInterfaceOrientations_iPad = "UIInterfaceOrientationPortrait UIInterfaceOrientationPortraitUpsideDown UIInterfaceOrientationLandscapeLeft UIInterfaceOrientationLandscapeRight";
				IPHONEOS_DEPLOYMENT_TARGET = 15.0;
				LD_RUNPATH_SEARCH_PATHS = (
					"$(inherited)",
					"@executable_path/Frameworks",
				);
				MARKETING_VERSION = 1.0;
				PRODUCT_BUNDLE_IDENTIFIER = com.cabecare.app;
				PRODUCT_NAME = "$(TARGET_NAME)";
				SUPPORTED_PLATFORMS = "iphoneos iphonesimulator";
				SUPPORTS_MACCATALYST = NO;
				SUPPORTS_MAC_DESIGNED_FOR_IPHONE_IPAD = NO;
				SWIFT_EMIT_LOC_STRINGS = YES;
				SWIFT_VERSION = 5.0;
				TARGETED_DEVICE_FAMILY = "1,2";
			};
			name = Release;
		};
/* End XCBuildConfiguration section */

/* Begin XCConfigurationList section */
		FF0000000000000000000002 /* Build configuration list for PBXNativeTarget "CabeCare" */ = {
			isa = XCConfigurationList;
			buildConfigurations = (
				GG0000000000000000000003 /* Debug */,
				GG0000000000000000000004 /* Release */,
			);
			defaultConfigurationIsVisible = 0;
			defaultConfigurationName = Release;
		};
		FF0000000000000000000004 /* Build configuration list for PBXProject "CabeCare" */ = {
			isa = XCConfigurationList;
			buildConfigurations = (
				GG0000000000000000000001 /* Debug */,
				GG0000000000000000000002 /* Release */,
			);
			defaultConfigurationIsVisible = 0;
			defaultConfigurationName = Release;
		};
/* End XCConfigurationList section */
	};
	rootObject = FF0000000000000000000003 /* Project object */;
}
