// !$*UTF8*$!
{
	archiveVersion = 1;
	classes = {
	};
	objectVersion = 56;
	objects = {

/* Begin PBXBuildFile section */
		1302ED9C2EBDFE0600B0FECF /* Assets.xcassets in Resources */ = {isa = PBXBuildFile; fileRef = 1302ED7F2EBDFE0600B0FECF /* Assets.xcassets */; };
		1302ED9E2EBDFE0600B0FECF /* ScheduleCell.swift in Sources */ = {isa = PBXBuildFile; fileRef = 1302ED842EBDFE0600B0FECF /* ScheduleCell.swift */; };
		1302ED9F2EBDFE0600B0FECF /* TipCell.swift in Sources */ = {isa = PBXBuildFile; fileRef = 1302ED852EBDFE0600B0FECF /* TipCell.swift */; };
		1302EDA02EBDFE0600B0FECF /* MainRouter.swift in Sources */ = {isa = PBXBuildFile; fileRef = 1302ED8F2EBDFE0600B0FECF /* MainRouter.swift */; };
		1302EDA12EBDFE0600B0FECF /* WateringSchedule.swift in Sources */ = {isa = PBXBuildFile; fileRef = 1302ED892EBDFE0600B0FECF /* WateringSchedule.swift */; };
		1302EDA22EBDFE0600B0FECF /* ScheduleRouter.swift in Sources */ = {isa = PBXBuildFile; fileRef = 1302ED942EBDFE0600B0FECF /* ScheduleRouter.swift */; };
		1302EDA32EBDFE0600B0FECF /* ScheduleView.swift in Sources */ = {isa = PBXBuildFile; fileRef = 1302ED952EBDFE0600B0FECF /* ScheduleView.swift */; };
		1302EDA42EBDFE0600B0FECF /* AddScheduleRouter.swift in Sources */ = {isa = PBXBuildFile; fileRef = 1302ED8C2EBDFE0600B0FECF /* AddScheduleRouter.swift */; };
		1302EDA52EBDFE0600B0FECF /* DataManager.swift in Sources */ = {isa = PBXBuildFile; fileRef = 1302ED802EBDFE0600B0FECF /* DataManager.swift */; };
		1302EDA62EBDFE0600B0FECF /* AddScheduleViewController.swift in Sources */ = {isa = PBXBuildFile; fileRef = 1302ED8D2EBDFE0600B0FECF /* AddScheduleViewController.swift */; };
		1302EDA72EBDFE0600B0FECF /* ScheduleContract.swift in Sources */ = {isa = PBXBuildFile; fileRef = 1302ED912EBDFE0600B0FECF /* ScheduleContract.swift */; };
		1302EDA82EBDFE0600B0FECF /* TipsViewController.swift in Sources */ = {isa = PBXBuildFile; fileRef = 1302ED992EBDFE0600B0FECF /* TipsViewController.swift */; };
		1302EDA92EBDFE0600B0FECF /* TipsSearchManager.swift in Sources */ = {isa = PBXBuildFile; fileRef = 1302ED822EBDFE0600B0FECF /* TipsSearchManager.swift */; };
		1302EDAA2EBDFE0600B0FECF /* SchedulePresenter.swift in Sources */ = {isa = PBXBuildFile; fileRef = 1302ED932EBDFE0600B0FECF /* SchedulePresenter.swift */; };
		1302EDAB2EBDFE0600B0FECF /* AppDelegate.swift in Sources */ = {isa = PBXBuildFile; fileRef = 1302ED7C2EBDFE0600B0FECF /* AppDelegate.swift */; };
		1302EDAC2EBDFE0600B0FECF /* PlantTip.swift in Sources */ = {isa = PBXBuildFile; fileRef = 1302ED882EBDFE0600B0FECF /* PlantTip.swift */; };
		1302EDAD2EBDFE0600B0FECF /* SceneDelegate.swift in Sources */ = {isa = PBXBuildFile; fileRef = 1302ED7D2EBDFE0600B0FECF /* SceneDelegate.swift */; };
		1302EDAE2EBDFE0600B0FECF /* TipDetailViewController.swift in Sources */ = {isa = PBXBuildFile; fileRef = 1302ED972EBDFE0600B0FECF /* TipDetailViewController.swift */; };
		1302EDAF2EBDFE0600B0FECF /* ScheduleInteractor.swift in Sources */ = {isa = PBXBuildFile; fileRef = 1302ED922EBDFE0600B0FECF /* ScheduleInteractor.swift */; };
		1302EDB02EBDFE0600B0FECF /* NotificationManager.swift in Sources */ = {isa = PBXBuildFile; fileRef = 1302ED812EBDFE0600B0FECF /* NotificationManager.swift */; };
/* End PBXBuildFile section */

/* Begin PBXFileReference section */
		1302ED7C2EBDFE0600B0FECF /* AppDelegate.swift */ = {isa = PBXFileReference; lastKnownFileType = sourcecode.swift; path = AppDelegate.swift; sourceTree = "<group>"; };
		1302ED7D2EBDFE0600B0FECF /* SceneDelegate.swift */ = {isa = PBXFileReference; lastKnownFileType = sourcecode.swift; path = SceneDelegate.swift; sourceTree = "<group>"; };
		1302ED7F2EBDFE0600B0FECF /* Assets.xcassets */ = {isa = PBXFileReference; lastKnownFileType = folder.assetcatalog; path = Assets.xcassets; sourceTree = "<group>"; };
		1302ED802EBDFE0600B0FECF /* DataManager.swift */ = {isa = PBXFileReference; lastKnownFileType = sourcecode.swift; path = DataManager.swift; sourceTree = "<group>"; };
		1302ED812EBDFE0600B0FECF /* NotificationManager.swift */ = {isa = PBXFileReference; lastKnownFileType = sourcecode.swift; path = NotificationManager.swift; sourceTree = "<group>"; };
		1302ED822EBDFE0600B0FECF /* TipsSearchManager.swift */ = {isa = PBXFileReference; lastKnownFileType = sourcecode.swift; path = TipsSearchManager.swift; sourceTree = "<group>"; };
		1302ED842EBDFE0600B0FECF /* ScheduleCell.swift */ = {isa = PBXFileReference; lastKnownFileType = sourcecode.swift; path = ScheduleCell.swift; sourceTree = "<group>"; };
		1302ED852EBDFE0600B0FECF /* TipCell.swift */ = {isa = PBXFileReference; lastKnownFileType = sourcecode.swift; path = TipCell.swift; sourceTree = "<group>"; };
		1302ED882EBDFE0600B0FECF /* PlantTip.swift */ = {isa = PBXFileReference; lastKnownFileType = sourcecode.swift; path = PlantTip.swift; sourceTree = "<group>"; };
		1302ED892EBDFE0600B0FECF /* WateringSchedule.swift */ = {isa = PBXFileReference; lastKnownFileType = sourcecode.swift; path = WateringSchedule.swift; sourceTree = "<group>"; };
		1302ED8B2EBDFE0600B0FECF /* Info.plist */ = {isa = PBXFileReference; lastKnownFileType = text.plist.xml; path = Info.plist; sourceTree = "<group>"; };
		1302ED8C2EBDFE0600B0FECF /* AddScheduleRouter.swift */ = {isa = PBXFileReference; lastKnownFileType = sourcecode.swift; path = AddScheduleRouter.swift; sourceTree = "<group>"; };
		1302ED8D2EBDFE0600B0FECF /* AddScheduleViewController.swift */ = {isa = PBXFileReference; lastKnownFileType = sourcecode.swift; path = AddScheduleViewController.swift; sourceTree = "<group>"; };
		1302ED8F2EBDFE0600B0FECF /* MainRouter.swift */ = {isa = PBXFileReference; lastKnownFileType = sourcecode.swift; path = MainRouter.swift; sourceTree = "<group>"; };
		1302ED912EBDFE0600B0FECF /* ScheduleContract.swift */ = {isa = PBXFileReference; lastKnownFileType = sourcecode.swift; path = ScheduleContract.swift; sourceTree = "<group>"; };
		1302ED922EBDFE0600B0FECF /* ScheduleInteractor.swift */ = {isa = PBXFileReference; lastKnownFileType = sourcecode.swift; path = ScheduleInteractor.swift; sourceTree = "<group>"; };
		1302ED932EBDFE0600B0FECF /* SchedulePresenter.swift */ = {isa = PBXFileReference; lastKnownFileType = sourcecode.swift; path = SchedulePresenter.swift; sourceTree = "<group>"; };
		1302ED942EBDFE0600B0FECF /* ScheduleRouter.swift */ = {isa = PBXFileReference; lastKnownFileType = sourcecode.swift; path = ScheduleRouter.swift; sourceTree = "<group>"; };
		1302ED952EBDFE0600B0FECF /* ScheduleView.swift */ = {isa = PBXFileReference; lastKnownFileType = sourcecode.swift; path = ScheduleView.swift; sourceTree = "<group>"; };
		1302ED972EBDFE0600B0FECF /* TipDetailViewController.swift */ = {isa = PBXFileReference; lastKnownFileType = sourcecode.swift; path = TipDetailViewController.swift; sourceTree = "<group>"; };
		1302ED992EBDFE0600B0FECF /* TipsViewController.swift */ = {isa = PBXFileReference; lastKnownFileType = sourcecode.swift; path = TipsViewController.swift; sourceTree = "<group>"; };
		CC0000000000000000000001 /* CabeCare.app */ = {isa = PBXFileReference; explicitFileType = wrapper.application; includeInIndex = 0; path = CabeCare.app; sourceTree = BUILT_PRODUCTS_DIR; };
/* End PBXFileReference section */

/* Begin PBXFrameworksBuildPhase section */
		DD0000000000000000000001 /* Frameworks */ = {
			isa = PBXFrameworksBuildPhase;
			buildActionMask = 2147483647;
			files = (
			);
			runOnlyForDeploymentPostprocessing = 0;
		};
/* End PBXFrameworksBuildPhase section */

/* Begin PBXGroup section */
		1302ED7E2EBDFE0600B0FECF /* App */ = {
			isa = PBXGroup;
			children = (
				1302ED7C2EBDFE0600B0FECF /* AppDelegate.swift */,
				1302ED7D2EBDFE0600B0FECF /* SceneDelegate.swift */,
			);
			path = App;
			sourceTree = "<group>";
		};
		1302ED832EBDFE0600B0FECF /* Managers */ = {
			isa = PBXGroup;
			children = (
				1302ED802EBDFE0600B0FECF /* DataManager.swift */,
				1302ED812EBDFE0600B0FECF /* NotificationManager.swift */,
				1302ED822EBDFE0600B0FECF /* TipsSearchManager.swift */,
			);
			path = Managers;
			sourceTree = "<group>";
		};
		1302ED862EBDFE0600B0FECF /* Views */ = {
			isa = PBXGroup;
			children = (
				1302ED842EBDFE0600B0FECF /* ScheduleCell.swift */,
				1302ED852EBDFE0600B0FECF /* TipCell.swift */,
			);
			path = Views;
			sourceTree = "<group>";
		};
		1302ED872EBDFE0600B0FECF /* Common */ = {
			isa = PBXGroup;
			children = (
				1302ED832EBDFE0600B0FECF /* Managers */,
				1302ED862EBDFE0600B0FECF /* Views */,
			);
			path = Common;
			sourceTree = "<group>";
		};
		1302ED8A2EBDFE0600B0FECF /* Entities */ = {
			isa = PBXGroup;
			children = (
				1302ED882EBDFE0600B0FECF /* PlantTip.swift */,
				1302ED892EBDFE0600B0FECF /* WateringSchedule.swift */,
			);
			path = Entities;
			sourceTree = "<group>";
		};
		1302ED8E2EBDFE0600B0FECF /* AddSchedule */ = {
			isa = PBXGroup;
			children = (
				1302ED8C2EBDFE0600B0FECF /* AddScheduleRouter.swift */,
				1302ED8D2EBDFE0600B0FECF /* AddScheduleViewController.swift */,
			);
			path = AddSchedule;
			sourceTree = "<group>";
		};
		1302ED902EBDFE0600B0FECF /* Main */ = {
			isa = PBXGroup;
			children = (
				1302ED8F2EBDFE0600B0FECF /* MainRouter.swift */,
			);
			path = Main;
			sourceTree = "<group>";
		};
		1302ED962EBDFE0600B0FECF /* Schedule */ = {
			isa = PBXGroup;
			children = (
				1302ED912EBDFE0600B0FECF /* ScheduleContract.swift */,
				1302ED922EBDFE0600B0FECF /* ScheduleInteractor.swift */,
				1302ED932EBDFE0600B0FECF /* SchedulePresenter.swift */,
				1302ED942EBDFE0600B0FECF /* ScheduleRouter.swift */,
				1302ED952EBDFE0600B0FECF /* ScheduleView.swift */,
			);
			path = Schedule;
			sourceTree = "<group>";
		};
		1302ED982EBDFE0600B0FECF /* TipDetail */ = {
			isa = PBXGroup;
			children = (
				1302ED972EBDFE0600B0FECF /* TipDetailViewController.swift */,
			);
			path = TipDetail;
			sourceTree = "<group>";
		};
		1302ED9A2EBDFE0600B0FECF /* Tips */ = {
			isa = PBXGroup;
			children = (
				1302ED992EBDFE0600B0FECF /* TipsViewController.swift */,
			);
			path = Tips;
			sourceTree = "<group>";
		};
		1302ED9B2EBDFE0600B0FECF /* Modules */ = {
			isa = PBXGroup;
			children = (
				1302ED8E2EBDFE0600B0FECF /* AddSchedule */,
				1302ED902EBDFE0600B0FECF /* Main */,
				1302ED962EBDFE0600B0FECF /* Schedule */,
				1302ED982EBDFE0600B0FECF /* TipDetail */,
				1302ED9A2EBDFE0600B0FECF /* Tips */,
			);
			path = Modules;
			sourceTree = "<group>";
		};
		EE0000000000000000000001 = {
			isa = PBXGroup;
			children = (
				EE0000000000000000000002 /* CabeCare */,
				EE0000000000000000000003 /* Products */,
			);
			sourceTree = "<group>";
		};
		EE0000000000000000000002 /* CabeCare */ = {
			isa = PBXGroup;
			children = (
				1302ED8B2EBDFE0600B0FECF /* Info.plist */,
				1302ED7F2EBDFE0600B0FECF /* Assets.xcassets */,
				1302ED7E2EBDFE0600B0FECF /* App */,
				1302ED872EBDFE0600B0FECF /* Common */,
				1302ED8A2EBDFE0600B0FECF /* Entities */,
				1302ED9B2EBDFE0600B0FECF /* Modules */,
			);
			path = CabeCare;
			sourceTree = "<group>";
		};
		EE0000000000000000000003 /* Products */ = {
			isa = PBXGroup;
			children = (
				CC0000000000000000000001 /* CabeCare.app */,
			);
			name = Products;
			sourceTree = "<group>";
		};
/* End PBXGroup section */

/* Begin PBXNativeTarget section */
		FF0000000000000000000001 /* CabeCare */ = {
			isa = PBXNativeTarget;
			buildConfigurationList = FF0000000000000000000002 /* Build configuration list for PBXNativeTarget "CabeCare" */;
			buildPhases = (
				DD0000000000000000000002 /* Sources */,
				DD0000000000000000000001 /* Frameworks */,
				DD0000000000000000000003 /* Resources */,
			);
			buildRules = (
			);
			dependencies = (
			);
			name = CabeCare;
			productName = CabeCare;
			productReference = CC0000000000000000000001 /* CabeCare.app */;
			productType = "com.apple.product-type.application";
		};
/* End PBXNativeTarget section */

/* Begin PBXProject section */
		FF0000000000000000000003 /* Project object */ = {
			isa = PBXProject;
			attributes = {
				BuildIndependentTargetsInParallel = 1;
				LastSwiftUpdateCheck = 1500;
				LastUpgradeCheck = 1500;
				TargetAttributes = {
					FF0000000000000000000001 = {
						CreatedOnToolsVersion = 15.0;
						LastSwiftMigration = 1500;
						ProvisioningStyle = Automatic;
					};
				};
			};
			buildConfigurationList = FF0000000000000000000004 /* Build configuration list for PBXProject "CabeCare" */;
			compatibilityVersion = "Xcode 14.0";
			developmentRegion = en;
			hasScannedForEncodings = 0;
			knownRegions = (
				en,
				Base,
			);
			mainGroup = EE0000000000000000000001;
			productRefGroup = EE0000000000000000000003 /* Products */;
			projectDirPath = "";
			projectRoot = "";
			targets = (
				FF0000000000000000000001 /* CabeCare */,
			);
		};
/* End PBXProject section */

/* Begin PBXResourcesBuildPhase section */
		DD0000000000000000000003 /* Resources */ = {
			isa = PBXResourcesBuildPhase;
			buildActionMask = 2147483647;
			files = (
				1302ED9C2EBDFE0600B0FECF /* Assets.xcassets in Resources */,
			);
			runOnlyForDeploymentPostprocessing = 0;
		};
/* End PBXResourcesBuildPhase section */

/* Begin PBXSourcesBuildPhase section */
		DD0000000000000000000002 /* Sources */ = {
			isa = PBXSourcesBuildPhase;
			buildActionMask = 2147483647;
			files = (
				1302ED9E2EBDFE0600B0FECF /* ScheduleCell.swift in Sources */,
				1302ED9F2EBDFE0600B0FECF /* TipCell.swift in Sources */,
				1302EDA02EBDFE0600B0FECF /* MainRouter.swift in Sources */,
				1302EDA12EBDFE0600B0FECF /* WateringSchedule.swift in Sources */,
				1302EDA22EBDFE0600B0FECF /* ScheduleRouter.swift in Sources */,
				1302EDA32EBDFE0600B0FECF /* ScheduleView.swift in Sources */,
				1302EDA42EBDFE0600B0FECF /* AddScheduleRouter.swift in Sources */,
				1302EDA52EBDFE0600B0FECF /* DataManager.swift in Sources */,
				1302EDA62EBDFE0600B0FECF /* AddScheduleViewController.swift in Sources */,
				1302EDA72EBDFE0600B0FECF /* ScheduleContract.swift in Sources */,
				1302EDA82EBDFE0600B0FECF /* TipsViewController.swift in Sources */,
				1302EDA92EBDFE0600B0FECF /* TipsSearchManager.swift in Sources */,
				1302EDAA2EBDFE0600B0FECF /* SchedulePresenter.swift in Sources */,
				1302EDAB2EBDFE0600B0FECF /* AppDelegate.swift in Sources */,
				1302EDAC2EBDFE0600B0FECF /* PlantTip.swift in Sources */,
				1302EDAD2EBDFE0600B0FECF /* SceneDelegate.swift in Sources */,
				1302EDAE2EBDFE0600B0FECF /* TipDetailViewController.swift in Sources */,
				1302EDAF2EBDFE0600B0FECF /* ScheduleInteractor.swift in Sources */,
				1302EDB02EBDFE0600B0FECF /* NotificationManager.swift in Sources */,
			);
			runOnlyForDeploymentPostprocessing = 0;
		};
/* End PBXSourcesBuildPhase section */

/* Begin XCBuildConfiguration section */
		GG0000000000000000000001 /* Debug */ = {
			isa = XCBuildConfiguration;
			buildSettings = {
				ALWAYS_SEARCH_USER_PATHS = NO;
				ASSETCATALOG_COMPILER_GENERATE_SWIFT_ASSET_SYMBOL_EXTENSIONS = YES;
				CLANG_ANALYZER_NONNULL = YES;
				CLANG_ANALYZER_NUMBER_OBJECT_CONVERSION = YES_AGGRESSIVE;
				CLANG_CXX_LANGUAGE_STANDARD = "gnu++20";
				CLANG_ENABLE_MODULES = YES;
				CLANG_ENABLE_OBJC_ARC = YES;
				CLANG_ENABLE_OBJC_WEAK = YES;
				CLANG_WARN_BLOCK_CAPTURE_AUTORELEASING = YES;
				CLANG_WARN_BOOL_CONVERSION = YES;
				CLANG_WARN_COMMA = YES;
				CLANG_WARN_CONSTANT_CONVERSION = YES;
				CLANG_WARN_DEPRECATED_OBJC_IMPLEMENTATIONS = YES;
				CLANG_WARN_DIRECT_OBJC_ISA_USAGE = YES_ERROR;
				CLANG_WARN_DOCUMENTATION_COMMENTS = YES;
				CLANG_WARN_EMPTY_BODY = YES;
				CLANG_WARN_ENUM_CONVERSION = YES;
				CLANG_WARN_INFINITE_RECURSION = YES;
				CLANG_WARN_INT_CONVERSION = YES;
				CLANG_WARN_NON_LITERAL_NULL_CONVERSION = YES;
				CLANG_WARN_OBJC_IMPLICIT_RETAIN_SELF = YES;
				CLANG_WARN_OBJC_LITERAL_CONVERSION = YES;
				CLANG_WARN_OBJC_ROOT_CLASS = YES_ERROR;
				CLANG_WARN_QUOTED_INCLUDE_IN_FRAMEWORK_HEADER = YES;
				CLANG_WARN_RANGE_LOOP_ANALYSIS = YES;
				CLANG_WARN_STRICT_PROTOTYPES = YES;
				CLANG_WARN_SUSPICIOUS_MOVE = YES;
				CLANG_WARN_UNGUARDED_AVAILABILITY = YES_AGGRESSIVE;
				CLANG_WARN_UNREACHABLE_CODE = YES;
				CLANG_WARN__DUPLICATE_METHOD_MATCH = YES;
				COPY_PHASE_STRIP = NO;
				DEBUG_INFORMATION_FORMAT = dwarf;
				ENABLE_STRICT_OBJC_MSGSEND = YES;
				ENABLE_TESTABILITY = YES;
				ENABLE_USER_SCRIPT_SANDBOXING = YES;
				GCC_C_LANGUAGE_STANDARD = gnu17;
				GCC_DYNAMIC_NO_PIC = NO;
				GCC_NO_COMMON_BLOCKS = YES;
				GCC_OPTIMIZATION_LEVEL = 0;
				GCC_PREPROCESSOR_DEFINITIONS = (
					"DEBUG=1",
					"$(inherited)",
				);
				GCC_WARN_64_TO_32_BIT_CONVERSION = YES;
				GCC_WARN_ABOUT_RETURN_TYPE = YES_ERROR;
				GCC_WARN_UNDECLARED_SELECTOR = YES;
				GCC_WARN_UNINITIALIZED_AUTOS = YES_AGGRESSIVE;
				GCC_WARN_UNUSED_FUNCTION = YES;
				GCC_WARN_UNUSED_VARIABLE = YES;
				IPHONEOS_DEPLOYMENT_TARGET = 15.0;
				LOCALIZATION_PREFERS_STRING_CATALOGS = YES;
				MTL_ENABLE_DEBUG_INFO = INCLUDE_SOURCE;
				MTL_FAST_MATH = YES;
				ONLY_ACTIVE_ARCH = YES;
				SDKROOT = iphoneos;
				SUPPORTED_PLATFORMS = "iphoneos iphonesimulator";
				SUPPORTS_MACCATALYST = NO;
				SWIFT_ACTIVE_COMPILATION_CONDITIONS = "DEBUG $(inherited)";
				SWIFT_OPTIMIZATION_LEVEL = "-Onone";
			};
			name = Debug;
		};
		GG0000000000000000000002 /* Release */ = {
			isa = XCBuildConfiguration;
			buildSettings = {
				ALWAYS_SEARCH_USER_PATHS = NO;
				ASSETCATALOG_COMPILER_GENERATE_SWIFT_ASSET_SYMBOL_EXTENSIONS = YES;
				CLANG_ANALYZER_NONNULL = YES;
				CLANG_ANALYZER_NUMBER_OBJECT_CONVERSION = YES_AGGRESSIVE;
				CLANG_CXX_LANGUAGE_STANDARD = "gnu++20";
				CLANG_ENABLE_MODULES = YES;
				CLANG_ENABLE_OBJC_ARC = YES;
				CLANG_ENABLE_OBJC_WEAK = YES;
				CLANG_WARN_BLOCK_CAPTURE_AUTORELEASING = YES;
				CLANG_WARN_BOOL_CONVERSION = YES;
				CLANG_WARN_COMMA = YES;
				CLANG_WARN_CONSTANT_CONVERSION = YES;
				CLANG_WARN_DEPRECATED_OBJC_IMPLEMENTATIONS = YES;
				CLANG_WARN_DIRECT_OBJC_ISA_USAGE = YES_ERROR;
				CLANG_WARN_DOCUMENTATION_COMMENTS = YES;
				CLANG_WARN_EMPTY_BODY = YES;
				CLANG_WARN_ENUM_CONVERSION = YES;
				CLANG_WARN_INFINITE_RECURSION = YES;
				CLANG_WARN_INT_CONVERSION = YES;
				CLANG_WARN_NON_LITERAL_NULL_CONVERSION = YES;
				CLANG_WARN_OBJC_IMPLICIT_RETAIN_SELF = YES;
				CLANG_WARN_OBJC_LITERAL_CONVERSION = YES;
				CLANG_WARN_OBJC_ROOT_CLASS = YES_ERROR;
				CLANG_WARN_QUOTED_INCLUDE_IN_FRAMEWORK_HEADER = YES;
				CLANG_WARN_RANGE_LOOP_ANALYSIS = YES;
				CLANG_WARN_STRICT_PROTOTYPES = YES;
				CLANG_WARN_SUSPICIOUS_MOVE = YES;
				CLANG_WARN_UNGUARDED_AVAILABILITY = YES_AGGRESSIVE;
				CLANG_WARN_UNREACHABLE_CODE = YES;
				CLANG_WARN__DUPLICATE_METHOD_MATCH = YES;
				COPY_PHASE_STRIP = NO;
				DEBUG_INFORMATION_FORMAT = "dwarf-with-dsym";
				ENABLE_NS_ASSERTIONS = NO;
				ENABLE_STRICT_OBJC_MSGSEND = YES;
				ENABLE_USER_SCRIPT_SANDBOXING = YES;
				GCC_C_LANGUAGE_STANDARD = gnu17;
				GCC_NO_COMMON_BLOCKS = YES;
				GCC_WARN_64_TO_32_BIT_CONVERSION = YES;
				GCC_WARN_ABOUT_RETURN_TYPE = YES_ERROR;
				GCC_WARN_UNDECLARED_SELECTOR = YES;
				GCC_WARN_UNINITIALIZED_AUTOS = YES_AGGRESSIVE;
				GCC_WARN_UNUSED_FUNCTION = YES;
				GCC_WARN_UNUSED_VARIABLE = YES;
				IPHONEOS_DEPLOYMENT_TARGET = 15.0;
				LOCALIZATION_PREFERS_STRING_CATALOGS = YES;
				MTL_ENABLE_DEBUG_INFO = NO;
				MTL_FAST_MATH = YES;
				SDKROOT = iphoneos;
				SUPPORTED_PLATFORMS = "iphoneos iphonesimulator";
				SUPPORTS_MACCATALYST = NO;
				SWIFT_COMPILATION_MODE = wholemodule;
				VALIDATE_PRODUCT = YES;
			};
			name = Release;
		};
		GG0000000000000000000003 /* Debug */ = {
			isa = XCBuildConfiguration;
			buildSettings = {
				ASSETCATALOG_COMPILER_APPICON_NAME = AppIcon;
				ASSETCATALOG_COMPILER_GLOBAL_ACCENT_COLOR_NAME = AccentColor;
				CODE_SIGN_STYLE = Automatic;
				CURRENT_PROJECT_VERSION = 1;
				DEVELOPMENT_TEAM = "";
				GENERATE_INFOPLIST_FILE = NO;
				INFOPLIST_FILE = CabeCare/Info.plist;
				INFOPLIST_KEY_UIApplicationSupportsIndirectInputEvents = YES;
				INFOPLIST_KEY_UILaunchScreen_Generation = YES;
				INFOPLIST_KEY_UISupportedInterfaceOrientations = "UIInterfaceOrientationPortrait UIInterfaceOrientationLandscapeLeft UIInterfaceOrientationLandscapeRight";
				INFOPLIST_KEY_UISupportedInterfaceOrientations_iPad = "UIInterfaceOrientationPortrait UIInterfaceOrientationPortraitUpsideDown UIInterfaceOrientationLandscapeLeft UIInterfaceOrientationLandscapeRight";
				IPHONEOS_DEPLOYMENT_TARGET = 15.0;
				LD_RUNPATH_SEARCH_PATHS = (
					"$(inherited)",
					"@executable_path/Frameworks",
				);
				MARKETING_VERSION = 1.0;
				PRODUCT_BUNDLE_IDENTIFIER = com.cabecare.app;
				PRODUCT_NAME = "$(TARGET_NAME)";
				SUPPORTED_PLATFORMS = "iphoneos iphonesimulator";
				SUPPORTS_MACCATALYST = NO;
				SUPPORTS_MAC_DESIGNED_FOR_IPHONE_IPAD = NO;
				SWIFT_EMIT_LOC_STRINGS = YES;
				SWIFT_VERSION = 5.0;
				TARGETED_DEVICE_FAMILY = "1,2";
			};
			name = Debug;
		};
		GG0000000000000000000004 /* Release */ = {
			isa = XCBuildConfiguration;
			buildSettings = {
				ASSETCATALOG_COMPILER_APPICON_NAME = AppIcon;
				ASSETCATALOG_COMPILER_GLOBAL_ACCENT_COLOR_NAME = AccentColor;
				CODE_SIGN_STYLE = Automatic;
				CURRENT_PROJECT_VERSION = 1;
				DEVELOPMENT_TEAM = "";
				GENERATE_INFOPLIST_FILE = NO;
				INFOPLIST_FILE = CabeCare/Info.plist;
				INFOPLIST_KEY_UIApplicationSupportsIndirectInputEvents = YES;
				INFOPLIST_KEY_UILaunchScreen_Generation = YES;
				INFOPLIST_KEY_UISupportedInterfaceOrientations = "UIInterfaceOrientationPortrait UIInterfaceOrientationLandscapeLeft UIInterfaceOrientationLandscapeRight";
				INFOPLIST_KEY_UISupportedInterfaceOrientations_iPad = "UIInterfaceOrientationPortrait UIInterfaceOrientationPortraitUpsideDown UIInterfaceOrientationLandscapeLeft UIInterfaceOrientationLandscapeRight";
				IPHONEOS_DEPLOYMENT_TARGET = 15.0;
				LD_RUNPATH_SEARCH_PATHS = (
					"$(inherited)",
					"@executable_path/Frameworks",
				);
				MARKETING_VERSION = 1.0;
				PRODUCT_BUNDLE_IDENTIFIER = com.cabecare.app;
				PRODUCT_NAME = "$(TARGET_NAME)";
				SUPPORTED_PLATFORMS = "iphoneos iphonesimulator";
				SUPPORTS_MACCATALYST = NO;
				SUPPORTS_MAC_DESIGNED_FOR_IPHONE_IPAD = NO;
				SWIFT_EMIT_LOC_STRINGS = YES;
				SWIFT_VERSION = 5.0;
				TARGETED_DEVICE_FAMILY = "1,2";
			};
			name = Release;
		};
/* End XCBuildConfiguration section */

/* Begin XCConfigurationList section */
		FF0000000000000000000002 /* Build configuration list for PBXNativeTarget "CabeCare" */ = {
			isa = XCConfigurationList;
			buildConfigurations = (
				GG0000000000000000000003 /* Debug */,
				GG0000000000000000000004 /* Release */,
			);
			defaultConfigurationIsVisible = 0;
			defaultConfigurationName = Release;
		};
		FF0000000000000000000004 /* Build configuration list for PBXProject "CabeCare" */ = {
			isa = XCConfigurationList;
			buildConfigurations = (
				GG0000000000000000000001 /* Debug */,
				GG0000000000000000000002 /* Release */,
			);
			defaultConfigurationIsVisible = 0;
			defaultConfigurationName = Release;
		};
/* End XCConfigurationList section */
	};
	rootObject = FF0000000000000000000003 /* Project object */;
}
