// !$*UTF8*$!
{
	archiveVersion = 1;
	classes = {
	};
	objectVersion = 56;
	objects = {

/* Begin PBXBuildFile section */
		1302ED9C2EBDFE0600B0FECF /* Assets.xcassets in Resources */ = {isa = PBXBuildFile; fileRef = 1302ED7F2EBDFE0600B0FECF /* Assets.xcassets */; };
		1302EDA02EBDFE0600B0FECF /* MainRouter.swift in Sources */ = {isa = PBXBuildFile; fileRef = 1302ED8F2EBDFE0600B0FECF /* MainRouter.swift */; };
		1302EDA22EBDFE0600B0FECF /* ScheduleRouter.swift in Sources */ = {isa = PBXBuildFile; fileRef = 1302ED942EBDFE0600B0FECF /* ScheduleRouter.swift */; };
		1302EDA32EBDFE0600B0FECF /* ScheduleView.swift in Sources */ = {isa = PBXBuildFile; fileRef = 1302ED952EBDFE0600B0FECF /* ScheduleView.swift */; };
		1302EDA42EBDFE0600B0FECF /* AddScheduleRouter.swift in Sources */ = {isa = PBXBuildFile; fileRef = 1302ED8C2EBDFE0600B0FECF /* AddScheduleRouter.swift */; };
		1302EDA62EBDFE0600B0FECF /* AddScheduleViewController.swift in Sources */ = {isa = PBXBuildFile; fileRef = 1302ED8D2EBDFE0600B0FECF /* AddScheduleViewController.swift */; };
		1302EDA72EBDFE0600B0FECF /* ScheduleContract.swift in Sources */ = {isa = PBXBuildFile; fileRef = 1302ED912EBDFE0600B0FECF /* ScheduleContract.swift */; };
		1302EDA82EBDFE0600B0FECF /* TipsViewController.swift in Sources */ = {isa = PBXBuildFile; fileRef = 1302ED992EBDFE0600B0FECF /* TipsViewController.swift */; };
		1302EDAA2EBDFE0600B0FECF /* SchedulePresenter.swift in Sources */ = {isa = PBXBuildFile; fileRef = 1302ED932EBDFE0600B0FECF /* SchedulePresenter.swift */; };
		1302EDAB2EBDFE0600B0FECF /* AppDelegate.swift in Sources */ = {isa = PBXBuildFile; fileRef = 1302ED7C2EBDFE0600B0FECF /* AppDelegate.swift */; };
		1302EDAD2EBDFE0600B0FECF /* SceneDelegate.swift in Sources */ = {isa = PBXBuildFile; fileRef = 1302ED7D2EBDFE0600B0FECF /* SceneDelegate.swift */; };
		1302EDAE2EBDFE0600B0FECF /* TipDetailViewController.swift in Sources */ = {isa = PBXBuildFile; fileRef = 1302ED972EBDFE0600B0FECF /* TipDetailViewController.swift */; };
		1302EDAF2EBDFE0600B0FECF /* ScheduleInteractor.swift in Sources */ = {isa = PBXBuildFile; fileRef = 1302ED922EBDFE0600B0FECF /* ScheduleInteractor.swift */; };
		1344795B2EC736C8008B16CC /* TabBarRouter.swift in Sources */ = {isa = PBXBuildFile; fileRef = 134479582EC736C8008B16CC /* TabBarRouter.swift */; };
		1344795C2EC736C8008B16CC /* TabBarContract.swift in Sources */ = {isa = PBXBuildFile; fileRef = 134479552EC736C8008B16CC /* TabBarContract.swift */; };
		1344795D2EC736C8008B16CC /* TabBarInteractor.swift in Sources */ = {isa = PBXBuildFile; fileRef = 134479562EC736C8008B16CC /* TabBarInteractor.swift */; };
		1344795E2EC736C8008B16CC /* TabBarView.swift in Sources */ = {isa = PBXBuildFile; fileRef = 134479592EC736C8008B16CC /* TabBarView.swift */; };
		1344795F2EC736C8008B16CC /* TabBarPresenter.swift in Sources */ = {isa = PBXBuildFile; fileRef = 134479572EC736C8008B16CC /* TabBarPresenter.swift */; };
		1392E8192EC77BA7003B5E03 /* CBTabBarButton.swift in Sources */ = {isa = PBXBuildFile; fileRef = 1392E8172EC77BA7003B5E03 /* CBTabBarButton.swift */; };
		1392E81A2EC77BA7003B5E03 /* CBTabBarView.swift in Sources */ = {isa = PBXBuildFile; fileRef = 1392E8182EC77BA7003B5E03 /* CBTabBarView.swift */; };
		1392E81C2EC77BC2003B5E03 /* CBDataManager.swift in Sources */ = {isa = PBXBuildFile; fileRef = 1392E81B2EC77BC2003B5E03 /* CBDataManager.swift */; };
		1392E81E2EC77C01003B5E03 /* CBNotificationManager.swift in Sources */ = {isa = PBXBuildFile; fileRef = 1392E81D2EC77C01003B5E03 /* CBNotificationManager.swift */; };
		1392E8202EC77C0E003B5E03 /* CBTipsSearchManager.swift in Sources */ = {isa = PBXBuildFile; fileRef = 1392E81F2EC77C0E003B5E03 /* CBTipsSearchManager.swift */; };
		1392E8222EC77C31003B5E03 /* CBScheduleCell.swift in Sources */ = {isa = PBXBuildFile; fileRef = 1392E8212EC77C31003B5E03 /* CBScheduleCell.swift */; };
		1392E8242EC77C37003B5E03 /* CBTipCell.swift in Sources */ = {isa = PBXBuildFile; fileRef = 1392E8232EC77C37003B5E03 /* CBTipCell.swift */; };
		1392E8262EC77C54003B5E03 /* CBPlantTip.swift in Sources */ = {isa = PBXBuildFile; fileRef = 1392E8252EC77C54003B5E03 /* CBPlantTip.swift */; };
		1392E8282EC77C5B003B5E03 /* CBWateringSchedule.swift in Sources */ = {isa = PBXBuildFile; fileRef = 1392E8272EC77C5B003B5E03 /* CBWateringSchedule.swift */; };
		1392E82B2EC7884E003B5E03 /* String+Localization.swift in Sources */ = {isa = PBXBuildFile; fileRef = 1392E8292EC7884E003B5E03 /* String+Localization.swift */; };
		1392E82F2EC78855003B5E03 /* NotificationString.swift in Sources */ = {isa = PBXBuildFile; fileRef = 1392E82D2EC78855003B5E03 /* NotificationString.swift */; };
		1392E8302EC78855003B5E03 /* CommonString.swift in Sources */ = {isa = PBXBuildFile; fileRef = 1392E82C2EC78855003B5E03 /* CommonString.swift */; };
		139C53EB2EC7902500172FCA /* Localizable.strings in Resources */ = {isa = PBXBuildFile; fileRef = 139C53E92EC7902500172FCA /* Localizable.strings */; };
		139C53ED2EC7906600172FCA /* AddScheduleLocalizedKeys.swift in Sources */ = {isa = PBXBuildFile; fileRef = 139C53EC2EC7906600172FCA /* AddScheduleLocalizedKeys.swift */; };
		139C53EF2EC7906F00172FCA /* ScheduleConstants.swift in Sources */ = {isa = PBXBuildFile; fileRef = 139C53EE2EC7906F00172FCA /* ScheduleConstants.swift */; };
		139C53F52EC7908300172FCA /* TipDetailLocalizedKeys.swift in Sources */ = {isa = PBXBuildFile; fileRef = 139C53F22EC7908300172FCA /* TipDetailLocalizedKeys.swift */; };
		139C53F62EC7908300172FCA /* ScheduleLocalizedKeys.swift in Sources */ = {isa = PBXBuildFile; fileRef = 139C53F02EC7908300172FCA /* ScheduleLocalizedKeys.swift */; };
		139C53F72EC7908300172FCA /* TipsConstants.swift in Sources */ = {isa = PBXBuildFile; fileRef = 139C53F32EC7908300172FCA /* TipsConstants.swift */; };
		139C53F82EC7908300172FCA /* TipsLocalizedKeys.swift in Sources */ = {isa = PBXBuildFile; fileRef = 139C53F42EC7908300172FCA /* TipsLocalizedKeys.swift */; };
		139C53F92EC7908300172FCA /* TabBarLocalizedKeys.swift in Sources */ = {isa = PBXBuildFile; fileRef = 139C53F12EC7908300172FCA /* TabBarLocalizedKeys.swift */; };
/* End PBXBuildFile section */

/* Begin PBXFileReference section */
		1302ED7C2EBDFE0600B0FECF /* AppDelegate.swift */ = {isa = PBXFileReference; lastKnownFileType = sourcecode.swift; path = AppDelegate.swift; sourceTree = "<group>"; };
		1302ED7D2EBDFE0600B0FECF /* SceneDelegate.swift */ = {isa = PBXFileReference; lastKnownFileType = sourcecode.swift; path = SceneDelegate.swift; sourceTree = "<group>"; };
		1302ED7F2EBDFE0600B0FECF /* Assets.xcassets */ = {isa = PBXFileReference; lastKnownFileType = folder.assetcatalog; path = Assets.xcassets; sourceTree = "<group>"; };
		1302ED8B2EBDFE0600B0FECF /* Info.plist */ = {isa = PBXFileReference; lastKnownFileType = text.plist.xml; path = Info.plist; sourceTree = "<group>"; };
		1302ED8C2EBDFE0600B0FECF /* AddScheduleRouter.swift */ = {isa = PBXFileReference; lastKnownFileType = sourcecode.swift; path = AddScheduleRouter.swift; sourceTree = "<group>"; };
		1302ED8D2EBDFE0600B0FECF /* AddScheduleViewController.swift */ = {isa = PBXFileReference; lastKnownFileType = sourcecode.swift; path = AddScheduleViewController.swift; sourceTree = "<group>"; };
		1302ED8F2EBDFE0600B0FECF /* MainRouter.swift */ = {isa = PBXFileReference; lastKnownFileType = sourcecode.swift; path = MainRouter.swift; sourceTree = "<group>"; };
		1302ED912EBDFE0600B0FECF /* ScheduleContract.swift */ = {isa = PBXFileReference; lastKnownFileType = sourcecode.swift; path = ScheduleContract.swift; sourceTree = "<group>"; };
		1302ED922EBDFE0600B0FECF /* ScheduleInteractor.swift */ = {isa = PBXFileReference; lastKnownFileType = sourcecode.swift; path = ScheduleInteractor.swift; sourceTree = "<group>"; };
		1302ED932EBDFE0600B0FECF /* SchedulePresenter.swift */ = {isa = PBXFileReference; lastKnownFileType = sourcecode.swift; path = SchedulePresenter.swift; sourceTree = "<group>"; };
		1302ED942EBDFE0600B0FECF /* ScheduleRouter.swift */ = {isa = PBXFileReference; lastKnownFileType = sourcecode.swift; path = ScheduleRouter.swift; sourceTree = "<group>"; };
		1302ED952EBDFE0600B0FECF /* ScheduleView.swift */ = {isa = PBXFileReference; lastKnownFileType = sourcecode.swift; path = ScheduleView.swift; sourceTree = "<group>"; };
		1302ED972EBDFE0600B0FECF /* TipDetailViewController.swift */ = {isa = PBXFileReference; lastKnownFileType = sourcecode.swift; path = TipDetailViewController.swift; sourceTree = "<group>"; };
		1302ED992EBDFE0600B0FECF /* TipsViewController.swift */ = {isa = PBXFileReference; lastKnownFileType = sourcecode.swift; path = TipsViewController.swift; sourceTree = "<group>"; };
		134479552EC736C8008B16CC /* TabBarContract.swift */ = {isa = PBXFileReference; lastKnownFileType = sourcecode.swift; path = TabBarContract.swift; sourceTree = "<group>"; };
		134479562EC736C8008B16CC /* TabBarInteractor.swift */ = {isa = PBXFileReference; lastKnownFileType = sourcecode.swift; path = TabBarInteractor.swift; sourceTree = "<group>"; };
		134479572EC736C8008B16CC /* TabBarPresenter.swift */ = {isa = PBXFileReference; lastKnownFileType = sourcecode.swift; path = TabBarPresenter.swift; sourceTree = "<group>"; };
		134479582EC736C8008B16CC /* TabBarRouter.swift */ = {isa = PBXFileReference; lastKnownFileType = sourcecode.swift; path = TabBarRouter.swift; sourceTree = "<group>"; };
		134479592EC736C8008B16CC /* TabBarView.swift */ = {isa = PBXFileReference; lastKnownFileType = sourcecode.swift; path = TabBarView.swift; sourceTree = "<group>"; };
		1392E8172EC77BA7003B5E03 /* CBTabBarButton.swift */ = {isa = PBXFileReference; lastKnownFileType = sourcecode.swift; path = CBTabBarButton.swift; sourceTree = "<group>"; };
		1392E8182EC77BA7003B5E03 /* CBTabBarView.swift */ = {isa = PBXFileReference; lastKnownFileType = sourcecode.swift; path = CBTabBarView.swift; sourceTree = "<group>"; };
		1392E81B2EC77BC2003B5E03 /* CBDataManager.swift */ = {isa = PBXFileReference; lastKnownFileType = sourcecode.swift; path = CBDataManager.swift; sourceTree = "<group>"; };
		1392E81D2EC77C01003B5E03 /* CBNotificationManager.swift */ = {isa = PBXFileReference; lastKnownFileType = sourcecode.swift; path = CBNotificationManager.swift; sourceTree = "<group>"; };
		1392E81F2EC77C0E003B5E03 /* CBTipsSearchManager.swift */ = {isa = PBXFileReference; lastKnownFileType = sourcecode.swift; path = CBTipsSearchManager.swift; sourceTree = "<group>"; };
		1392E8212EC77C31003B5E03 /* CBScheduleCell.swift */ = {isa = PBXFileReference; lastKnownFileType = sourcecode.swift; path = CBScheduleCell.swift; sourceTree = "<group>"; };
		1392E8232EC77C37003B5E03 /* CBTipCell.swift */ = {isa = PBXFileReference; lastKnownFileType = sourcecode.swift; path = CBTipCell.swift; sourceTree = "<group>"; };
		1392E8252EC77C54003B5E03 /* CBPlantTip.swift */ = {isa = PBXFileReference; lastKnownFileType = sourcecode.swift; path = CBPlantTip.swift; sourceTree = "<group>"; };
		1392E8272EC77C5B003B5E03 /* CBWateringSchedule.swift */ = {isa = PBXFileReference; lastKnownFileType = sourcecode.swift; path = CBWateringSchedule.swift; sourceTree = "<group>"; };
		1392E8292EC7884E003B5E03 /* String+Localization.swift */ = {isa = PBXFileReference; lastKnownFileType = sourcecode.swift; path = "String+Localization.swift"; sourceTree = "<group>"; };
		1392E82C2EC78855003B5E03 /* CommonString.swift */ = {isa = PBXFileReference; lastKnownFileType = sourcecode.swift; path = CommonString.swift; sourceTree = "<group>"; };
		1392E82D2EC78855003B5E03 /* NotificationString.swift */ = {isa = PBXFileReference; lastKnownFileType = sourcecode.swift; path = NotificationString.swift; sourceTree = "<group>"; };
		139C53E72EC7902500172FCA /* en */ = {isa = PBXFileReference; lastKnownFileType = text.plist.strings; name = en; path = en.lproj/Localizable.strings; sourceTree = "<group>"; };
		139C53E82EC7902500172FCA /* id */ = {isa = PBXFileReference; lastKnownFileType = text.plist.strings; name = id; path = id.lproj/Localizable.strings; sourceTree = "<group>"; };
		139C53EC2EC7906600172FCA /* AddScheduleLocalizedKeys.swift */ = {isa = PBXFileReference; lastKnownFileType = sourcecode.swift; path = AddScheduleLocalizedKeys.swift; sourceTree = "<group>"; };
		139C53EE2EC7906F00172FCA /* ScheduleConstants.swift */ = {isa = PBXFileReference; lastKnownFileType = sourcecode.swift; path = ScheduleConstants.swift; sourceTree = "<group>"; };
		139C53F02EC7908300172FCA /* ScheduleLocalizedKeys.swift */ = {isa = PBXFileReference; lastKnownFileType = sourcecode.swift; path = ScheduleLocalizedKeys.swift; sourceTree = "<group>"; };
		139C53F12EC7908300172FCA /* TabBarLocalizedKeys.swift */ = {isa = PBXFileReference; lastKnownFileType = sourcecode.swift; path = TabBarLocalizedKeys.swift; sourceTree = "<group>"; };
		139C53F22EC7908300172FCA /* TipDetailLocalizedKeys.swift */ = {isa = PBXFileReference; lastKnownFileType = sourcecode.swift; path = TipDetailLocalizedKeys.swift; sourceTree = "<group>"; };
		139C53F32EC7908300172FCA /* TipsConstants.swift */ = {isa = PBXFileReference; lastKnownFileType = sourcecode.swift; path = TipsConstants.swift; sourceTree = "<group>"; };
		139C53F42EC7908300172FCA /* TipsLocalizedKeys.swift */ = {isa = PBXFileReference; lastKnownFileType = sourcecode.swift; path = TipsLocalizedKeys.swift; sourceTree = "<group>"; };
		CC0000000000000000000001 /* CabeCare.app */ = {isa = PBXFileReference; explicitFileType = wrapper.application; includeInIndex = 0; path = CabeCare.app; sourceTree = BUILT_PRODUCTS_DIR; };
/* End PBXFileReference section */

/* Begin PBXFrameworksBuildPhase section */
		DD0000000000000000000001 /* Frameworks */ = {
			isa = PBXFrameworksBuildPhase;
			buildActionMask = 2147483647;
			files = (
			);
			runOnlyForDeploymentPostprocessing = 0;
		};
/* End PBXFrameworksBuildPhase section */

/* Begin PBXGroup section */
		1302ED7E2EBDFE0600B0FECF /* App */ = {
			isa = PBXGroup;
			children = (
				1302ED7C2EBDFE0600B0FECF /* AppDelegate.swift */,
				1302ED7D2EBDFE0600B0FECF /* SceneDelegate.swift */,
			);
			path = App;
			sourceTree = "<group>";
		};
		1302ED832EBDFE0600B0FECF /* Managers */ = {
			isa = PBXGroup;
			children = (
				1392E81B2EC77BC2003B5E03 /* CBDataManager.swift */,
				1392E81D2EC77C01003B5E03 /* CBNotificationManager.swift */,
				1392E81F2EC77C0E003B5E03 /* CBTipsSearchManager.swift */,
			);
			path = Managers;
			sourceTree = "<group>";
		};
		1302ED862EBDFE0600B0FECF /* Views */ = {
			isa = PBXGroup;
			children = (
				1392E8212EC77C31003B5E03 /* CBScheduleCell.swift */,
				1392E8172EC77BA7003B5E03 /* CBTabBarButton.swift */,
				1392E8182EC77BA7003B5E03 /* CBTabBarView.swift */,
				1392E8232EC77C37003B5E03 /* CBTipCell.swift */,
			);
			path = Views;
			sourceTree = "<group>";
		};
		1302ED872EBDFE0600B0FECF /* Common */ = {
			isa = PBXGroup;
			children = (
				1392E82E2EC78855003B5E03 /* Constants */,
				1392E82A2EC7884E003B5E03 /* Extensions */,
				1302ED832EBDFE0600B0FECF /* Managers */,
				1302ED862EBDFE0600B0FECF /* Views */,
			);
			path = Common;
			sourceTree = "<group>";
		};
		1302ED8A2EBDFE0600B0FECF /* Entities */ = {
			isa = PBXGroup;
			children = (
				1392E8252EC77C54003B5E03 /* CBPlantTip.swift */,
				1392E8272EC77C5B003B5E03 /* CBWateringSchedule.swift */,
			);
			path = Entities;
			sourceTree = "<group>";
		};
		1302ED8E2EBDFE0600B0FECF /* AddSchedule */ = {
			isa = PBXGroup;
			children = (
				1302ED8C2EBDFE0600B0FECF /* AddScheduleRouter.swift */,
				1302ED8D2EBDFE0600B0FECF /* AddScheduleViewController.swift */,
			);
			path = AddSchedule;
			sourceTree = "<group>";
		};
		1302ED902EBDFE0600B0FECF /* Main */ = {
			isa = PBXGroup;
			children = (
				1302ED8F2EBDFE0600B0FECF /* MainRouter.swift */,
			);
			path = Main;
			sourceTree = "<group>";
		};
		1302ED962EBDFE0600B0FECF /* Schedule */ = {
			isa = PBXGroup;
			children = (
				1302ED912EBDFE0600B0FECF /* ScheduleContract.swift */,
				1302ED922EBDFE0600B0FECF /* ScheduleInteractor.swift */,
				1302ED932EBDFE0600B0FECF /* SchedulePresenter.swift */,
				1302ED942EBDFE0600B0FECF /* ScheduleRouter.swift */,
				1302ED952EBDFE0600B0FECF /* ScheduleView.swift */,
			);
			path = Schedule;
			sourceTree = "<group>";
		};
		1302ED982EBDFE0600B0FECF /* TipDetail */ = {
			isa = PBXGroup;
			children = (
				1302ED972EBDFE0600B0FECF /* TipDetailViewController.swift */,
			);
			path = TipDetail;
			sourceTree = "<group>";
		};
		1302ED9A2EBDFE0600B0FECF /* Tips */ = {
			isa = PBXGroup;
			children = (
				1302ED992EBDFE0600B0FECF /* TipsViewController.swift */,
			);
			path = Tips;
			sourceTree = "<group>";
		};
		1302ED9B2EBDFE0600B0FECF /* Modules */ = {
			isa = PBXGroup;
			children = (
				1302ED8E2EBDFE0600B0FECF /* AddSchedule */,
				1302ED902EBDFE0600B0FECF /* Main */,
				1302ED962EBDFE0600B0FECF /* Schedule */,
				1344795A2EC736C8008B16CC /* TabBar */,
				1302ED982EBDFE0600B0FECF /* TipDetail */,
				1302ED9A2EBDFE0600B0FECF /* Tips */,
			);
			path = Modules;
			sourceTree = "<group>";
		};
		1344795A2EC736C8008B16CC /* TabBar */ = {
			isa = PBXGroup;
			children = (
				134479552EC736C8008B16CC /* TabBarContract.swift */,
				134479562EC736C8008B16CC /* TabBarInteractor.swift */,
				134479572EC736C8008B16CC /* TabBarPresenter.swift */,
				134479582EC736C8008B16CC /* TabBarRouter.swift */,
				134479592EC736C8008B16CC /* TabBarView.swift */,
			);
			path = TabBar;
			sourceTree = "<group>";
		};
		1392E82A2EC7884E003B5E03 /* Extensions */ = {
			isa = PBXGroup;
			children = (
				1392E8292EC7884E003B5E03 /* String+Localization.swift */,
			);
			path = Extensions;
			sourceTree = "<group>";
		};
		1392E82E2EC78855003B5E03 /* Constants */ = {
			isa = PBXGroup;
			children = (
				139C53EC2EC7906600172FCA /* AddScheduleLocalizedKeys.swift */,
				1392E82C2EC78855003B5E03 /* CommonString.swift */,
				1392E82D2EC78855003B5E03 /* NotificationString.swift */,
				139C53EE2EC7906F00172FCA /* ScheduleConstants.swift */,
				139C53F02EC7908300172FCA /* ScheduleLocalizedKeys.swift */,
				139C53F12EC7908300172FCA /* TabBarLocalizedKeys.swift */,
				139C53F22EC7908300172FCA /* TipDetailLocalizedKeys.swift */,
				139C53F32EC7908300172FCA /* TipsConstants.swift */,
				139C53F42EC7908300172FCA /* TipsLocalizedKeys.swift */,
			);
			path = Constants;
			sourceTree = "<group>";
		};
		139C53EA2EC7902500172FCA /* Resources */ = {
			isa = PBXGroup;
			children = (
				139C53E92EC7902500172FCA /* Localizable.strings */,
			);
			path = Resources;
			sourceTree = "<group>";
		};
		EE0000000000000000000001 = {
			isa = PBXGroup;
			children = (
				EE0000000000000000000002 /* CabeCare */,
				EE0000000000000000000003 /* Products */,
			);
			sourceTree = "<group>";
		};
		EE0000000000000000000002 /* CabeCare */ = {
			isa = PBXGroup;
			children = (
				1302ED8B2EBDFE0600B0FECF /* Info.plist */,
				1302ED7F2EBDFE0600B0FECF /* Assets.xcassets */,
				1302ED7E2EBDFE0600B0FECF /* App */,
				1302ED872EBDFE0600B0FECF /* Common */,
				1302ED8A2EBDFE0600B0FECF /* Entities */,
				1302ED9B2EBDFE0600B0FECF /* Modules */,
				139C53EA2EC7902500172FCA /* Resources */,
			);
			path = CabeCare;
			sourceTree = "<group>";
		};
		EE0000000000000000000003 /* Products */ = {
			isa = PBXGroup;
			children = (
				CC0000000000000000000001 /* CabeCare.app */,
			);
			name = Products;
			sourceTree = "<group>";
		};
/* End PBXGroup section */

/* Begin PBXNativeTarget section */
		FF0000000000000000000001 /* CabeCare */ = {
			isa = PBXNativeTarget;
			buildConfigurationList = FF0000000000000000000002 /* Build configuration list for PBXNativeTarget "CabeCare" */;
			buildPhases = (
				DD0000000000000000000002 /* Sources */,
				DD0000000000000000000001 /* Frameworks */,
				DD0000000000000000000003 /* Resources */,
			);
			buildRules = (
			);
			dependencies = (
			);
			name = CabeCare;
			productName = CabeCare;
			productReference = CC0000000000000000000001 /* CabeCare.app */;
			productType = "com.apple.product-type.application";
		};
/* End PBXNativeTarget section */

/* Begin PBXProject section */
		FF0000000000000000000003 /* Project object */ = {
			isa = PBXProject;
			attributes = {
				BuildIndependentTargetsInParallel = 1;
				LastSwiftUpdateCheck = 1500;
				LastUpgradeCheck = 1500;
				TargetAttributes = {
					FF0000000000000000000001 = {
						CreatedOnToolsVersion = 15.0;
						LastSwiftMigration = 1500;
						ProvisioningStyle = Automatic;
					};
				};
			};
			buildConfigurationList = FF0000000000000000000004 /* Build configuration list for PBXProject "CabeCare" */;
			compatibilityVersion = "Xcode 14.0";
			developmentRegion = en;
			hasScannedForEncodings = 0;
			knownRegions = (
				en,
				Base,
				id,
			);
			mainGroup = EE0000000000000000000001;
			productRefGroup = EE0000000000000000000003 /* Products */;
			projectDirPath = "";
			projectRoot = "";
			targets = (
				FF0000000000000000000001 /* CabeCare */,
			);
		};
/* End PBXProject section */

/* Begin PBXResourcesBuildPhase section */
		DD0000000000000000000003 /* Resources */ = {
			isa = PBXResourcesBuildPhase;
			buildActionMask = 2147483647;
			files = (
				1302ED9C2EBDFE0600B0FECF /* Assets.xcassets in Resources */,
				139C53EB2EC7902500172FCA /* Localizable.strings in Resources */,
			);
			runOnlyForDeploymentPostprocessing = 0;
		};
/* End PBXResourcesBuildPhase section */

/* Begin PBXSourcesBuildPhase section */
		DD0000000000000000000002 /* Sources */ = {
			isa = PBXSourcesBuildPhase;
			buildActionMask = 2147483647;
			files = (
				1392E8202EC77C0E003B5E03 /* CBTipsSearchManager.swift in Sources */,
				139C53EF2EC7906F00172FCA /* ScheduleConstants.swift in Sources */,
				1392E81C2EC77BC2003B5E03 /* CBDataManager.swift in Sources */,
				139C53F52EC7908300172FCA /* TipDetailLocalizedKeys.swift in Sources */,
				139C53F62EC7908300172FCA /* ScheduleLocalizedKeys.swift in Sources */,
				139C53F72EC7908300172FCA /* TipsConstants.swift in Sources */,
				139C53F82EC7908300172FCA /* TipsLocalizedKeys.swift in Sources */,
				139C53F92EC7908300172FCA /* TabBarLocalizedKeys.swift in Sources */,
				1392E82F2EC78855003B5E03 /* NotificationString.swift in Sources */,
				1392E8302EC78855003B5E03 /* CommonString.swift in Sources */,
				1302EDA02EBDFE0600B0FECF /* MainRouter.swift in Sources */,
				1302EDA22EBDFE0600B0FECF /* ScheduleRouter.swift in Sources */,
				1302EDA32EBDFE0600B0FECF /* ScheduleView.swift in Sources */,
				1302EDA42EBDFE0600B0FECF /* AddScheduleRouter.swift in Sources */,
				1344795B2EC736C8008B16CC /* TabBarRouter.swift in Sources */,
				1344795C2EC736C8008B16CC /* TabBarContract.swift in Sources */,
				1344795D2EC736C8008B16CC /* TabBarInteractor.swift in Sources */,
				1344795E2EC736C8008B16CC /* TabBarView.swift in Sources */,
				1344795F2EC736C8008B16CC /* TabBarPresenter.swift in Sources */,
				1392E81E2EC77C01003B5E03 /* CBNotificationManager.swift in Sources */,
				1392E82B2EC7884E003B5E03 /* String+Localization.swift in Sources */,
				1302EDA62EBDFE0600B0FECF /* AddScheduleViewController.swift in Sources */,
				1392E8192EC77BA7003B5E03 /* CBTabBarButton.swift in Sources */,
				1392E81A2EC77BA7003B5E03 /* CBTabBarView.swift in Sources */,
				139C53ED2EC7906600172FCA /* AddScheduleLocalizedKeys.swift in Sources */,
				1302EDA72EBDFE0600B0FECF /* ScheduleContract.swift in Sources */,
				1302EDA82EBDFE0600B0FECF /* TipsViewController.swift in Sources */,
				1302EDAA2EBDFE0600B0FECF /* SchedulePresenter.swift in Sources */,
				1302EDAB2EBDFE0600B0FECF /* AppDelegate.swift in Sources */,
				1302EDAD2EBDFE0600B0FECF /* SceneDelegate.swift in Sources */,
				1392E8242EC77C37003B5E03 /* CBTipCell.swift in Sources */,
				1302EDAE2EBDFE0600B0FECF /* TipDetailViewController.swift in Sources */,
				1392E8222EC77C31003B5E03 /* CBScheduleCell.swift in Sources */,
				1302EDAF2EBDFE0600B0FECF /* ScheduleInteractor.swift in Sources */,
				1392E8282EC77C5B003B5E03 /* CBWateringSchedule.swift in Sources */,
				1392E8262EC77C54003B5E03 /* CBPlantTip.swift in Sources */,
			);
			runOnlyForDeploymentPostprocessing = 0;
		};
/* End PBXSourcesBuildPhase section */

/* Begin PBXVariantGroup section */
		139C53E92EC7902500172FCA /* Localizable.strings */ = {
			isa = PBXVariantGroup;
			children = (
				139C53E72EC7902500172FCA /* en */,
				139C53E82EC7902500172FCA /* id */,
			);
			name = Localizable.strings;
			sourceTree = "<group>";
		};
/* End PBXVariantGroup section */

/* Begin XCBuildConfiguration section */
		GG0000000000000000000001 /* Debug */ = {
			isa = XCBuildConfiguration;
			buildSettings = {
				ALWAYS_SEARCH_USER_PATHS = NO;
				ASSETCATALOG_COMPILER_GENERATE_SWIFT_ASSET_SYMBOL_EXTENSIONS = YES;
				CLANG_ANALYZER_NONNULL = YES;
				CLANG_ANALYZER_NUMBER_OBJECT_CONVERSION = YES_AGGRESSIVE;
				CLANG_CXX_LANGUAGE_STANDARD = "gnu++20";
				CLANG_ENABLE_MODULES = YES;
				CLANG_ENABLE_OBJC_ARC = YES;
				CLANG_ENABLE_OBJC_WEAK = YES;
				CLANG_WARN_BLOCK_CAPTURE_AUTORELEASING = YES;
				CLANG_WARN_BOOL_CONVERSION = YES;
				CLANG_WARN_COMMA = YES;
				CLANG_WARN_CONSTANT_CONVERSION = YES;
				CLANG_WARN_DEPRECATED_OBJC_IMPLEMENTATIONS = YES;
				CLANG_WARN_DIRECT_OBJC_ISA_USAGE = YES_ERROR;
				CLANG_WARN_DOCUMENTATION_COMMENTS = YES;
				CLANG_WARN_EMPTY_BODY = YES;
				CLANG_WARN_ENUM_CONVERSION = YES;
				CLANG_WARN_INFINITE_RECURSION = YES;
				CLANG_WARN_INT_CONVERSION = YES;
				CLANG_WARN_NON_LITERAL_NULL_CONVERSION = YES;
				CLANG_WARN_OBJC_IMPLICIT_RETAIN_SELF = YES;
				CLANG_WARN_OBJC_LITERAL_CONVERSION = YES;
				CLANG_WARN_OBJC_ROOT_CLASS = YES_ERROR;
				CLANG_WARN_QUOTED_INCLUDE_IN_FRAMEWORK_HEADER = YES;
				CLANG_WARN_RANGE_LOOP_ANALYSIS = YES;
				CLANG_WARN_STRICT_PROTOTYPES = YES;
				CLANG_WARN_SUSPICIOUS_MOVE = YES;
				CLANG_WARN_UNGUARDED_AVAILABILITY = YES_AGGRESSIVE;
				CLANG_WARN_UNREACHABLE_CODE = YES;
				CLANG_WARN__DUPLICATE_METHOD_MATCH = YES;
				COPY_PHASE_STRIP = NO;
				DEBUG_INFORMATION_FORMAT = dwarf;
				ENABLE_STRICT_OBJC_MSGSEND = YES;
				ENABLE_TESTABILITY = YES;
				ENABLE_USER_SCRIPT_SANDBOXING = YES;
				GCC_C_LANGUAGE_STANDARD = gnu17;
				GCC_DYNAMIC_NO_PIC = NO;
				GCC_NO_COMMON_BLOCKS = YES;
				GCC_OPTIMIZATION_LEVEL = 0;
				GCC_PREPROCESSOR_DEFINITIONS = (
					"DEBUG=1",
					"$(inherited)",
				);
				GCC_WARN_64_TO_32_BIT_CONVERSION = YES;
				GCC_WARN_ABOUT_RETURN_TYPE = YES_ERROR;
				GCC_WARN_UNDECLARED_SELECTOR = YES;
				GCC_WARN_UNINITIALIZED_AUTOS = YES_AGGRESSIVE;
				GCC_WARN_UNUSED_FUNCTION = YES;
				GCC_WARN_UNUSED_VARIABLE = YES;
				IPHONEOS_DEPLOYMENT_TARGET = 15.0;
				LOCALIZATION_PREFERS_STRING_CATALOGS = YES;
				MTL_ENABLE_DEBUG_INFO = INCLUDE_SOURCE;
				MTL_FAST_MATH = YES;
				ONLY_ACTIVE_ARCH = YES;
				SDKROOT = iphoneos;
				SUPPORTED_PLATFORMS = "iphoneos iphonesimulator";
				SUPPORTS_MACCATALYST = NO;
				SWIFT_ACTIVE_COMPILATION_CONDITIONS = "DEBUG $(inherited)";
				SWIFT_OPTIMIZATION_LEVEL = "-Onone";
			};
			name = Debug;
		};
		GG0000000000000000000002 /* Release */ = {
			isa = XCBuildConfiguration;
			buildSettings = {
				ALWAYS_SEARCH_USER_PATHS = NO;
				ASSETCATALOG_COMPILER_GENERATE_SWIFT_ASSET_SYMBOL_EXTENSIONS = YES;
				CLANG_ANALYZER_NONNULL = YES;
				CLANG_ANALYZER_NUMBER_OBJECT_CONVERSION = YES_AGGRESSIVE;
				CLANG_CXX_LANGUAGE_STANDARD = "gnu++20";
				CLANG_ENABLE_MODULES = YES;
				CLANG_ENABLE_OBJC_ARC = YES;
				CLANG_ENABLE_OBJC_WEAK = YES;
				CLANG_WARN_BLOCK_CAPTURE_AUTORELEASING = YES;
				CLANG_WARN_BOOL_CONVERSION = YES;
				CLANG_WARN_COMMA = YES;
				CLANG_WARN_CONSTANT_CONVERSION = YES;
				CLANG_WARN_DEPRECATED_OBJC_IMPLEMENTATIONS = YES;
				CLANG_WARN_DIRECT_OBJC_ISA_USAGE = YES_ERROR;
				CLANG_WARN_DOCUMENTATION_COMMENTS = YES;
				CLANG_WARN_EMPTY_BODY = YES;
				CLANG_WARN_ENUM_CONVERSION = YES;
				CLANG_WARN_INFINITE_RECURSION = YES;
				CLANG_WARN_INT_CONVERSION = YES;
				CLANG_WARN_NON_LITERAL_NULL_CONVERSION = YES;
				CLANG_WARN_OBJC_IMPLICIT_RETAIN_SELF = YES;
				CLANG_WARN_OBJC_LITERAL_CONVERSION = YES;
				CLANG_WARN_OBJC_ROOT_CLASS = YES_ERROR;
				CLANG_WARN_QUOTED_INCLUDE_IN_FRAMEWORK_HEADER = YES;
				CLANG_WARN_RANGE_LOOP_ANALYSIS = YES;
				CLANG_WARN_STRICT_PROTOTYPES = YES;
				CLANG_WARN_SUSPICIOUS_MOVE = YES;
				CLANG_WARN_UNGUARDED_AVAILABILITY = YES_AGGRESSIVE;
				CLANG_WARN_UNREACHABLE_CODE = YES;
				CLANG_WARN__DUPLICATE_METHOD_MATCH = YES;
				COPY_PHASE_STRIP = NO;
				DEBUG_INFORMATION_FORMAT = "dwarf-with-dsym";
				ENABLE_NS_ASSERTIONS = NO;
				ENABLE_STRICT_OBJC_MSGSEND = YES;
				ENABLE_USER_SCRIPT_SANDBOXING = YES;
				GCC_C_LANGUAGE_STANDARD = gnu17;
				GCC_NO_COMMON_BLOCKS = YES;
				GCC_WARN_64_TO_32_BIT_CONVERSION = YES;
				GCC_WARN_ABOUT_RETURN_TYPE = YES_ERROR;
				GCC_WARN_UNDECLARED_SELECTOR = YES;
				GCC_WARN_UNINITIALIZED_AUTOS = YES_AGGRESSIVE;
				GCC_WARN_UNUSED_FUNCTION = YES;
				GCC_WARN_UNUSED_VARIABLE = YES;
				IPHONEOS_DEPLOYMENT_TARGET = 15.0;
				LOCALIZATION_PREFERS_STRING_CATALOGS = YES;
				MTL_ENABLE_DEBUG_INFO = NO;
				MTL_FAST_MATH = YES;
				SDKROOT = iphoneos;
				SUPPORTED_PLATFORMS = "iphoneos iphonesimulator";
				SUPPORTS_MACCATALYST = NO;
				SWIFT_COMPILATION_MODE = wholemodule;
				VALIDATE_PRODUCT = YES;
			};
			name = Release;
		};
		GG0000000000000000000003 /* Debug */ = {
			isa = XCBuildConfiguration;
			buildSettings = {
				ASSETCATALOG_COMPILER_APPICON_NAME = AppIcon;
				ASSETCATALOG_COMPILER_GLOBAL_ACCENT_COLOR_NAME = AccentColor;
				CODE_SIGN_STYLE = Automatic;
				CURRENT_PROJECT_VERSION = 1;
				DEVELOPMENT_TEAM = "";
				GENERATE_INFOPLIST_FILE = NO;
				INFOPLIST_FILE = CabeCare/Info.plist;
				INFOPLIST_KEY_UIApplicationSupportsIndirectInputEvents = YES;
				INFOPLIST_KEY_UILaunchScreen_Generation = YES;
				INFOPLIST_KEY_UISupportedInterfaceOrientations = "UIInterfaceOrientationPortrait UIInterfaceOrientationLandscapeLeft UIInterfaceOrientationLandscapeRight";
				INFOPLIST_KEY_UISupportedInterfaceOrientations_iPad = "UIInterfaceOrientationPortrait UIInterfaceOrientationPortraitUpsideDown UIInterfaceOrientationLandscapeLeft UIInterfaceOrientationLandscapeRight";
				IPHONEOS_DEPLOYMENT_TARGET = 15.0;
				LD_RUNPATH_SEARCH_PATHS = (
					"$(inherited)",
					"@executable_path/Frameworks",
				);
				MARKETING_VERSION = 1.0;
				PRODUCT_BUNDLE_IDENTIFIER = com.cabecare.app;
				PRODUCT_NAME = "$(TARGET_NAME)";
				SUPPORTED_PLATFORMS = "iphoneos iphonesimulator";
				SUPPORTS_MACCATALYST = NO;
				SUPPORTS_MAC_DESIGNED_FOR_IPHONE_IPAD = NO;
				SWIFT_EMIT_LOC_STRINGS = YES;
				SWIFT_VERSION = 5.0;
				TARGETED_DEVICE_FAMILY = "1,2";
			};
			name = Debug;
		};
		GG0000000000000000000004 /* Release */ = {
			isa = XCBuildConfiguration;
			buildSettings = {
				ASSETCATALOG_COMPILER_APPICON_NAME = AppIcon;
				ASSETCATALOG_COMPILER_GLOBAL_ACCENT_COLOR_NAME = AccentColor;
				CODE_SIGN_STYLE = Automatic;
				CURRENT_PROJECT_VERSION = 1;
				DEVELOPMENT_TEAM = "";
				GENERATE_INFOPLIST_FILE = NO;
				INFOPLIST_FILE = CabeCare/Info.plist;
				INFOPLIST_KEY_UIApplicationSupportsIndirectInputEvents = YES;
				INFOPLIST_KEY_UILaunchScreen_Generation = YES;
				INFOPLIST_KEY_UISupportedInterfaceOrientations = "UIInterfaceOrientationPortrait UIInterfaceOrientationLandscapeLeft UIInterfaceOrientationLandscapeRight";
				INFOPLIST_KEY_UISupportedInterfaceOrientations_iPad = "UIInterfaceOrientationPortrait UIInterfaceOrientationPortraitUpsideDown UIInterfaceOrientationLandscapeLeft UIInterfaceOrientationLandscapeRight";
				IPHONEOS_DEPLOYMENT_TARGET = 15.0;
				LD_RUNPATH_SEARCH_PATHS = (
					"$(inherited)",
					"@executable_path/Frameworks",
				);
				MARKETING_VERSION = 1.0;
				PRODUCT_BUNDLE_IDENTIFIER = com.cabecare.app;
				PRODUCT_NAME = "$(TARGET_NAME)";
				SUPPORTED_PLATFORMS = "iphoneos iphonesimulator";
				SUPPORTS_MACCATALYST = NO;
				SUPPORTS_MAC_DESIGNED_FOR_IPHONE_IPAD = NO;
				SWIFT_EMIT_LOC_STRINGS = YES;
				SWIFT_VERSION = 5.0;
				TARGETED_DEVICE_FAMILY = "1,2";
			};
			name = Release;
		};
/* End XCBuildConfiguration section */

/* Begin XCConfigurationList section */
		FF0000000000000000000002 /* Build configuration list for PBXNativeTarget "CabeCare" */ = {
			isa = XCConfigurationList;
			buildConfigurations = (
				GG0000000000000000000003 /* Debug */,
				GG0000000000000000000004 /* Release */,
			);
			defaultConfigurationIsVisible = 0;
			defaultConfigurationName = Release;
		};
		FF0000000000000000000004 /* Build configuration list for PBXProject "CabeCare" */ = {
			isa = XCConfigurationList;
			buildConfigurations = (
				GG0000000000000000000001 /* Debug */,
				GG0000000000000000000002 /* Release */,
			);
			defaultConfigurationIsVisible = 0;
			defaultConfigurationName = Release;
		};
/* End XCConfigurationList section */
	};
	rootObject = FF0000000000000000000003 /* Project object */;
}
